{
  "name": "@rmwc/snackbar",
  "version": "8.0.1",
  "lockfileVersion": 2,
  "requires": true,
  "packages": {
    "": {
      "name": "@rmwc/snackbar",
      "version": "8.0.1",
      "license": "MIT",
      "dependencies": {
        "@material/snackbar": "^14.0.0",
        "@rmwc/base": "^8.0.1",
        "@rmwc/button": "^8.0.1",
        "@rmwc/icon": "^8.0.1",
        "@rmwc/icon-button": "^8.0.1",
        "@rmwc/types": "^8.0.1"
      },
      "peerDependencies": {
        "react": ">=16.8.x",
        "react-dom": ">=16.8.x"
      }
    },
    "../base": {
      "name": "@rmwc/base",
      "version": "8.0.1",
      "license": "MIT",
      "dependencies": {
        "@material/dom": "^14.0.0",
        "@rmwc/types": "^8.0.1",
        "@types/classnames": "^2.3.1",
        "classnames": "^2.3.1",
        "hyperform": "^0.11.0",
        "mutation-observer": "^1.0.3",
        "tslib": "^2.4.0"
      },
      "peerDependencies": {
        "react": ">=16.8.x",
        "react-dom": ">=16.8.x"
      }
    },
    "../base/node_modules/@rmwc/types": {
      "resolved": "../types",
      "link": true
    },
    "../button": {
      "name": "@rmwc/button",
      "version": "8.0.1",
      "license": "MIT",
      "dependencies": {
        "@material/button": "^14.0.0",
        "@rmwc/base": "^8.0.1",
        "@rmwc/icon": "^8.0.1",
        "@rmwc/provider": "^8.0.1",
        "@rmwc/ripple": "^8.0.1",
        "@rmwc/touch-target": "^8.0.1",
        "@rmwc/types": "^8.0.1"
      },
      "peerDependencies": {
        "react": ">=16.8.x",
        "react-dom": ">=16.8.x"
      }
    },
    "../button/node_modules/@rmwc/base": {
      "resolved": "../base",
      "link": true
    },
    "../button/node_modules/@rmwc/icon": {
      "resolved": "../icon",
      "link": true
    },
    "../button/node_modules/@rmwc/provider": {
      "resolved": "../provider",
      "link": true
    },
    "../button/node_modules/@rmwc/ripple": {
      "resolved": "../ripple",
      "link": true
    },
    "../button/node_modules/@rmwc/touch-target": {
      "resolved": "../touch-target",
      "link": true
    },
    "../button/node_modules/@rmwc/types": {
      "resolved": "../types",
      "link": true
    },
    "../icon": {
      "name": "@rmwc/icon",
      "version": "8.0.1",
      "license": "MIT",
      "dependencies": {
        "@rmwc/base": "^8.0.1",
        "@rmwc/provider": "^8.0.1",
        "@rmwc/types": "^8.0.1"
      },
      "peerDependencies": {
        "react": ">=16.8.x",
        "react-dom": ">=16.8.x"
      }
    },
    "../icon-button": {
      "name": "@rmwc/icon-button",
      "version": "8.0.1",
      "license": "MIT",
      "dependencies": {
        "@material/icon-button": "^8.0.0",
        "@rmwc/base": "^8.0.1",
        "@rmwc/icon": "^8.0.1",
        "@rmwc/ripple": "^8.0.1",
        "@rmwc/types": "^8.0.1"
      },
      "peerDependencies": {
        "react": ">=16.8.x",
        "react-dom": ">=16.8.x"
      }
    },
    "../icon-button/node_modules/@rmwc/base": {
      "resolved": "../base",
      "link": true
    },
    "../icon-button/node_modules/@rmwc/icon": {
      "resolved": "../icon",
      "link": true
    },
    "../icon-button/node_modules/@rmwc/ripple": {
      "resolved": "../ripple",
      "link": true
    },
    "../icon-button/node_modules/@rmwc/types": {
      "resolved": "../types",
      "link": true
    },
    "../icon/node_modules/@rmwc/base": {
      "resolved": "../base",
      "link": true
    },
    "../icon/node_modules/@rmwc/provider": {
      "resolved": "../provider",
      "link": true
    },
    "../icon/node_modules/@rmwc/types": {
      "resolved": "../types",
      "link": true
    },
    "../provider": {
      "name": "@rmwc/provider",
      "version": "8.0.1",
      "license": "MIT",
      "dependencies": {
        "@rmwc/base": "^8.0.1",
        "@rmwc/types": "^8.0.1"
      },
      "peerDependencies": {
        "react": ">=16.8.x",
        "react-dom": ">=16.8.x"
      }
    },
    "../provider/node_modules/@rmwc/base": {
      "resolved": "../base",
      "link": true
    },
    "../provider/node_modules/@rmwc/types": {
      "resolved": "../types",
      "link": true
    },
    "../ripple": {
      "name": "@rmwc/ripple",
      "version": "8.0.1",
      "license": "MIT",
      "dependencies": {
        "@material/ripple": "^8.0.0",
        "@rmwc/base": "^8.0.1",
        "@rmwc/provider": "^8.0.1",
        "@rmwc/types": "^8.0.1"
      },
      "peerDependencies": {
        "react": ">=16.8.x",
        "react-dom": ">=16.8.x"
      }
    },
    "../ripple/node_modules/@rmwc/base": {
      "resolved": "../base",
      "link": true
    },
    "../ripple/node_modules/@rmwc/provider": {
      "resolved": "../provider",
      "link": true
    },
    "../ripple/node_modules/@rmwc/types": {
      "resolved": "../types",
      "link": true
    },
    "../touch-target": {
      "name": "@rmwc/touch-target",
      "version": "8.0.1",
      "license": "MIT",
      "dependencies": {
        "@material/touch-target": "^14.0.0",
        "@rmwc/base": "^8.0.1"
      },
      "peerDependencies": {
        "react": ">=16.8.x",
        "react-dom": ">=16.8.x"
      }
    },
    "../touch-target/node_modules/@rmwc/base": {
      "resolved": "../base",
      "link": true
    },
    "../types": {
      "name": "@rmwc/types",
      "version": "8.0.1",
      "license": "MIT"
    },
    "node_modules/@material/animation": {
      "version": "14.0.0",
      "resolved": "https://registry.npmjs.org/@material/animation/-/animation-14.0.0.tgz",
      "integrity": "sha512-VlYSfUaIj/BBVtRZI8Gv0VvzikFf+XgK0Zdgsok5c1v5DDnNz5tpB8mnGrveWz0rHbp1X4+CWLKrTwNmjrw3Xw==",
      "dependencies": {
        "tslib": "^2.1.0"
      }
    },
    "node_modules/@material/base": {
      "version": "14.0.0",
      "resolved": "https://registry.npmjs.org/@material/base/-/base-14.0.0.tgz",
      "integrity": "sha512-Ou7vS7n1H4Y10MUZyYAbt6H0t67c6urxoCgeVT7M38aQlaNUwFMODp7KT/myjYz2YULfhu3PtfSV3Sltgac9mA==",
      "dependencies": {
        "tslib": "^2.1.0"
      }
    },
    "node_modules/@material/button": {
      "version": "14.0.0",
      "resolved": "https://registry.npmjs.org/@material/button/-/button-14.0.0.tgz",
      "integrity": "sha512-dqqHaJq0peyXBZupFzCjmvScrfljyVU66ZCS3oldsaaj5iz8sn33I/45Z4zPzdR5F5z8ExToHkRcXhakj1UEAA==",
      "dependencies": {
        "@material/density": "^14.0.0",
        "@material/dom": "^14.0.0",
        "@material/elevation": "^14.0.0",
        "@material/feature-targeting": "^14.0.0",
        "@material/focus-ring": "^14.0.0",
        "@material/ripple": "^14.0.0",
        "@material/rtl": "^14.0.0",
        "@material/shape": "^14.0.0",
        "@material/theme": "^14.0.0",
        "@material/tokens": "^14.0.0",
        "@material/touch-target": "^14.0.0",
        "@material/typography": "^14.0.0",
        "tslib": "^2.1.0"
      }
    },
    "node_modules/@material/density": {
      "version": "14.0.0",
      "resolved": "https://registry.npmjs.org/@material/density/-/density-14.0.0.tgz",
      "integrity": "sha512-NlxXBV5XjNsKd8UXF4K/+fOXLxoFNecKbsaQO6O2u+iG8QBfFreKRmkhEBb2hPPwC3w8nrODwXX0lHV+toICQw==",
      "dependencies": {
        "tslib": "^2.1.0"
      }
    },
    "node_modules/@material/dom": {
      "version": "14.0.0",
      "resolved": "https://registry.npmjs.org/@material/dom/-/dom-14.0.0.tgz",
      "integrity": "sha512-8t88XyacclTj8qsIw9q0vEj4PI2KVncLoIsIMzwuMx49P2FZg6TsLjor262MI3Qs00UWAifuLMrhnOnfyrbe7Q==",
      "dependencies": {
        "@material/feature-targeting": "^14.0.0",
        "tslib": "^2.1.0"
      }
    },
    "node_modules/@material/elevation": {
      "version": "14.0.0",
      "resolved": "https://registry.npmjs.org/@material/elevation/-/elevation-14.0.0.tgz",
      "integrity": "sha512-Di3tkxTpXwvf1GJUmaC8rd+zVh5dB2SWMBGagL4+kT8UmjSISif/OPRGuGnXs3QhF6nmEjkdC0ijdZLcYQkepw==",
      "dependencies": {
        "@material/animation": "^14.0.0",
        "@material/base": "^14.0.0",
        "@material/feature-targeting": "^14.0.0",
        "@material/rtl": "^14.0.0",
        "@material/theme": "^14.0.0",
        "tslib": "^2.1.0"
      }
    },
    "node_modules/@material/feature-targeting": {
      "version": "14.0.0",
      "resolved": "https://registry.npmjs.org/@material/feature-targeting/-/feature-targeting-14.0.0.tgz",
      "integrity": "sha512-a5WGgHEq5lJeeNL5yevtgoZjBjXWy6+klfVWQEh8oyix/rMJygGgO7gEc52uv8fB8uAIoYEB3iBMOv8jRq8FeA==",
      "dependencies": {
        "tslib": "^2.1.0"
      }
    },
    "node_modules/@material/focus-ring": {
      "version": "14.0.0",
      "resolved": "https://registry.npmjs.org/@material/focus-ring/-/focus-ring-14.0.0.tgz",
      "integrity": "sha512-fqqka6iSfQGJG3Le48RxPCtnOiaLGPDPikhktGbxlyW9srBVMgeCiONfHM7IT/1eu80O0Y67Lh/4ohu5+C+VAQ==",
      "dependencies": {
        "@material/dom": "^14.0.0",
        "@material/feature-targeting": "^14.0.0",
        "@material/rtl": "^14.0.0"
      }
    },
    "node_modules/@material/icon-button": {
      "version": "14.0.0",
      "resolved": "https://registry.npmjs.org/@material/icon-button/-/icon-button-14.0.0.tgz",
      "integrity": "sha512-wHMqzm7Q/UwbWLoWv32Li1r2iVYxadIrwTNxT0+p+7NdfI3lEwMN3NoB0CvoJnHTljjXDzce0KJ3nZloa0P0gA==",
      "dependencies": {
        "@material/base": "^14.0.0",
        "@material/density": "^14.0.0",
        "@material/dom": "^14.0.0",
        "@material/elevation": "^14.0.0",
        "@material/feature-targeting": "^14.0.0",
        "@material/focus-ring": "^14.0.0",
        "@material/ripple": "^14.0.0",
        "@material/rtl": "^14.0.0",
        "@material/theme": "^14.0.0",
        "@material/touch-target": "^14.0.0",
        "tslib": "^2.1.0"
      }
    },
    "node_modules/@material/ripple": {
      "version": "14.0.0",
      "resolved": "https://registry.npmjs.org/@material/ripple/-/ripple-14.0.0.tgz",
      "integrity": "sha512-9XoGBFd5JhFgELgW7pqtiLy+CnCIcV2s9cQ2BWbOQeA8faX9UZIDUx/g76nHLZ7UzKFtsULJxZTwORmsEt2zvw==",
      "dependencies": {
        "@material/animation": "^14.0.0",
        "@material/base": "^14.0.0",
        "@material/dom": "^14.0.0",
        "@material/feature-targeting": "^14.0.0",
        "@material/rtl": "^14.0.0",
        "@material/theme": "^14.0.0",
        "tslib": "^2.1.0"
      }
    },
    "node_modules/@material/rtl": {
      "version": "14.0.0",
      "resolved": "https://registry.npmjs.org/@material/rtl/-/rtl-14.0.0.tgz",
      "integrity": "sha512-xl6OZYyRjuiW2hmbjV2omMV8sQtfmKAjeWnD1RMiAPLCTyOW9Lh/PYYnXjxUrNa0cRwIIbOn5J7OYXokja8puA==",
      "dependencies": {
        "@material/theme": "^14.0.0",
        "tslib": "^2.1.0"
      }
    },
    "node_modules/@material/shape": {
      "version": "14.0.0",
      "resolved": "https://registry.npmjs.org/@material/shape/-/shape-14.0.0.tgz",
      "integrity": "sha512-o0mJB0+feOv473KckI8gFnUo8IQAaEA6ynXzw3VIYFjPi48pJwrxa0mZcJP/OoTXrCbDzDeFJfDPXEmRioBb9A==",
      "dependencies": {
        "@material/feature-targeting": "^14.0.0",
        "@material/rtl": "^14.0.0",
        "@material/theme": "^14.0.0",
        "tslib": "^2.1.0"
      }
    },
    "node_modules/@material/snackbar": {
      "version": "14.0.0",
      "resolved": "https://registry.npmjs.org/@material/snackbar/-/snackbar-14.0.0.tgz",
      "integrity": "sha512-28uQBj9bw7BalNarK9j8/aVW4Ys5aRaGHoWH+CeYvAjqQUJkrYoqM52aiKhBwqrjBPMJHk1aXthe3YbzMBm6vA==",
      "dependencies": {
        "@material/animation": "^14.0.0",
        "@material/base": "^14.0.0",
        "@material/button": "^14.0.0",
        "@material/dom": "^14.0.0",
        "@material/elevation": "^14.0.0",
        "@material/feature-targeting": "^14.0.0",
        "@material/icon-button": "^14.0.0",
        "@material/ripple": "^14.0.0",
        "@material/rtl": "^14.0.0",
        "@material/shape": "^14.0.0",
        "@material/theme": "^14.0.0",
        "@material/typography": "^14.0.0",
        "tslib": "^2.1.0"
      }
    },
    "node_modules/@material/theme": {
      "version": "14.0.0",
      "resolved": "https://registry.npmjs.org/@material/theme/-/theme-14.0.0.tgz",
      "integrity": "sha512-6/SENWNIFuXzeHMPHrYwbsXKgkvCtWuzzQ3cUu4UEt3KcQ5YpViazIM6h8ByYKZP8A9d8QpkJ0WGX5btGDcVoA==",
      "dependencies": {
        "@material/feature-targeting": "^14.0.0",
        "tslib": "^2.1.0"
      }
    },
    "node_modules/@material/tokens": {
      "version": "14.0.0",
      "resolved": "https://registry.npmjs.org/@material/tokens/-/tokens-14.0.0.tgz",
      "integrity": "sha512-SXgB9VwsKW4DFkHmJfDIS0x0cGdMWC1D06m6z/WQQ5P5j6/m0pKrbHVlrLzXcRjau+mFhXGvj/KyPo9Pp/Rc8Q==",
      "dependencies": {
        "@material/elevation": "^14.0.0"
      }
    },
    "node_modules/@material/touch-target": {
      "version": "14.0.0",
      "resolved": "https://registry.npmjs.org/@material/touch-target/-/touch-target-14.0.0.tgz",
      "integrity": "sha512-o3kvxmS4HkmZoQTvtzLJrqSG+ezYXkyINm3Uiwio1PTg67pDgK5FRwInkz0VNaWPcw9+5jqjUQGjuZMtjQMq8w==",
      "dependencies": {
        "@material/base": "^14.0.0",
        "@material/feature-targeting": "^14.0.0",
        "@material/rtl": "^14.0.0",
        "tslib": "^2.1.0"
      }
    },
    "node_modules/@material/typography": {
      "version": "14.0.0",
      "resolved": "https://registry.npmjs.org/@material/typography/-/typography-14.0.0.tgz",
      "integrity": "sha512-/QtHBYiTR+TPMryM/CT386B2WlAQf/Ae32V324Z7P40gHLKY/YBXx7FDutAWZFeOerq/two4Nd2aAHBcMM2wMw==",
      "dependencies": {
        "@material/feature-targeting": "^14.0.0",
        "@material/theme": "^14.0.0",
        "tslib": "^2.1.0"
      }
    },
    "node_modules/@rmwc/base": {
      "resolved": "../base",
      "link": true
    },
    "node_modules/@rmwc/button": {
      "resolved": "../button",
      "link": true
    },
    "node_modules/@rmwc/icon": {
      "resolved": "../icon",
      "link": true
    },
    "node_modules/@rmwc/icon-button": {
      "resolved": "../icon-button",
      "link": true
    },
    "node_modules/@rmwc/types": {
      "resolved": "../types",
      "link": true
    },
    "node_modules/js-tokens": {
      "version": "4.0.0",
      "resolved": "https://registry.npmjs.org/js-tokens/-/js-tokens-4.0.0.tgz",
      "integrity": "sha512-RdJUflcE3cUzKiMqQgsCu06FPu9UdIJO0beYbPhHN4k6apgJtifcoCtT9bcxOpYBtpD2kCM6Sbzg4CausW/PKQ==",
      "peer": true
    },
    "node_modules/loose-envify": {
      "version": "1.4.0",
      "resolved": "https://registry.npmjs.org/loose-envify/-/loose-envify-1.4.0.tgz",
      "integrity": "sha512-lyuxPGr/Wfhrlem2CL/UcnUc1zcqKAImBDzukY7Y5F/yQiNdko6+fRLevlw1HgMySw7f611UIY408EtxRSoK3Q==",
      "peer": true,
      "dependencies": {
        "js-tokens": "^3.0.0 || ^4.0.0"
      },
      "bin": {
        "loose-envify": "cli.js"
      }
    },
    "node_modules/react": {
      "version": "18.2.0",
      "resolved": "https://registry.npmjs.org/react/-/react-18.2.0.tgz",
      "integrity": "sha512-/3IjMdb2L9QbBdWiW5e3P2/npwMBaU9mHCSCUzNln0ZCYbcfTsGbTJrU/kGemdH2IWmB2ioZ+zkxtmq6g09fGQ==",
      "peer": true,
      "dependencies": {
        "loose-envify": "^1.1.0"
      },
      "engines": {
        "node": ">=0.10.0"
      }
    },
    "node_modules/react-dom": {
      "version": "18.2.0",
      "resolved": "https://registry.npmjs.org/react-dom/-/react-dom-18.2.0.tgz",
      "integrity": "sha512-6IMTriUmvsjHUjNtEDudZfuDQUoWXVxKHhlEGSk81n4YFS+r/Kl99wXiwlVXtPBtJenozv2P+hxDsw9eA7Xo6g==",
      "peer": true,
      "dependencies": {
        "loose-envify": "^1.1.0",
        "scheduler": "^0.23.0"
      },
      "peerDependencies": {
        "react": "^18.2.0"
      }
    },
    "node_modules/scheduler": {
      "version": "0.23.0",
      "resolved": "https://registry.npmjs.org/scheduler/-/scheduler-0.23.0.tgz",
      "integrity": "sha512-CtuThmgHNg7zIZWAXi3AsyIzA3n4xx7aNyjwC2VJldO2LMVDhFK+63xGqq6CsJH4rTAt6/M+N4GhZiDYPx9eUw==",
      "peer": true,
      "dependencies": {
        "loose-envify": "^1.1.0"
      }
    },
    "node_modules/tslib": {
      "version": "2.4.0",
      "resolved": "https://registry.npmjs.org/tslib/-/tslib-2.4.0.tgz",
      "integrity": "sha512-d6xOpEDfsi2CZVlPQzGeux8XMwLT9hssAsaPYExaQMuYskwb+x1x7J371tWlbBdWHroy99KnVB6qIkUbs5X3UQ=="
    }
  },
  "dependencies": {
    "@material/animation": {
      "version": "14.0.0",
      "resolved": "https://registry.npmjs.org/@material/animation/-/animation-14.0.0.tgz",
      "integrity": "sha512-VlYSfUaIj/BBVtRZI8Gv0VvzikFf+XgK0Zdgsok5c1v5DDnNz5tpB8mnGrveWz0rHbp1X4+CWLKrTwNmjrw3Xw==",
      "requires": {
        "tslib": "^2.1.0"
      }
    },
    "@material/base": {
      "version": "14.0.0",
      "resolved": "https://registry.npmjs.org/@material/base/-/base-14.0.0.tgz",
      "integrity": "sha512-Ou7vS7n1H4Y10MUZyYAbt6H0t67c6urxoCgeVT7M38aQlaNUwFMODp7KT/myjYz2YULfhu3PtfSV3Sltgac9mA==",
      "requires": {
        "tslib": "^2.1.0"
      }
    },
    "@material/button": {
      "version": "14.0.0",
      "resolved": "https://registry.npmjs.org/@material/button/-/button-14.0.0.tgz",
      "integrity": "sha512-dqqHaJq0peyXBZupFzCjmvScrfljyVU66ZCS3oldsaaj5iz8sn33I/45Z4zPzdR5F5z8ExToHkRcXhakj1UEAA==",
      "requires": {
        "@material/density": "^14.0.0",
        "@material/dom": "^14.0.0",
        "@material/elevation": "^14.0.0",
        "@material/feature-targeting": "^14.0.0",
        "@material/focus-ring": "^14.0.0",
        "@material/ripple": "^14.0.0",
        "@material/rtl": "^14.0.0",
        "@material/shape": "^14.0.0",
        "@material/theme": "^14.0.0",
        "@material/tokens": "^14.0.0",
        "@material/touch-target": "^14.0.0",
        "@material/typography": "^14.0.0",
        "tslib": "^2.1.0"
      }
    },
    "@material/density": {
      "version": "14.0.0",
      "resolved": "https://registry.npmjs.org/@material/density/-/density-14.0.0.tgz",
      "integrity": "sha512-NlxXBV5XjNsKd8UXF4K/+fOXLxoFNecKbsaQO6O2u+iG8QBfFreKRmkhEBb2hPPwC3w8nrODwXX0lHV+toICQw==",
      "requires": {
        "tslib": "^2.1.0"
      }
    },
    "@material/dom": {
      "version": "14.0.0",
      "resolved": "https://registry.npmjs.org/@material/dom/-/dom-14.0.0.tgz",
      "integrity": "sha512-8t88XyacclTj8qsIw9q0vEj4PI2KVncLoIsIMzwuMx49P2FZg6TsLjor262MI3Qs00UWAifuLMrhnOnfyrbe7Q==",
      "requires": {
        "@material/feature-targeting": "^14.0.0",
        "tslib": "^2.1.0"
      }
    },
    "@material/elevation": {
      "version": "14.0.0",
      "resolved": "https://registry.npmjs.org/@material/elevation/-/elevation-14.0.0.tgz",
      "integrity": "sha512-Di3tkxTpXwvf1GJUmaC8rd+zVh5dB2SWMBGagL4+kT8UmjSISif/OPRGuGnXs3QhF6nmEjkdC0ijdZLcYQkepw==",
      "requires": {
        "@material/animation": "^14.0.0",
        "@material/base": "^14.0.0",
        "@material/feature-targeting": "^14.0.0",
        "@material/rtl": "^14.0.0",
        "@material/theme": "^14.0.0",
        "tslib": "^2.1.0"
      }
    },
    "@material/feature-targeting": {
      "version": "14.0.0",
      "resolved": "https://registry.npmjs.org/@material/feature-targeting/-/feature-targeting-14.0.0.tgz",
      "integrity": "sha512-a5WGgHEq5lJeeNL5yevtgoZjBjXWy6+klfVWQEh8oyix/rMJygGgO7gEc52uv8fB8uAIoYEB3iBMOv8jRq8FeA==",
      "requires": {
        "tslib": "^2.1.0"
      }
    },
    "@material/focus-ring": {
      "version": "14.0.0",
      "resolved": "https://registry.npmjs.org/@material/focus-ring/-/focus-ring-14.0.0.tgz",
      "integrity": "sha512-fqqka6iSfQGJG3Le48RxPCtnOiaLGPDPikhktGbxlyW9srBVMgeCiONfHM7IT/1eu80O0Y67Lh/4ohu5+C+VAQ==",
      "requires": {
        "@material/dom": "^14.0.0",
        "@material/feature-targeting": "^14.0.0",
        "@material/rtl": "^14.0.0"
      }
    },
    "@material/icon-button": {
      "version": "14.0.0",
      "resolved": "https://registry.npmjs.org/@material/icon-button/-/icon-button-14.0.0.tgz",
      "integrity": "sha512-wHMqzm7Q/UwbWLoWv32Li1r2iVYxadIrwTNxT0+p+7NdfI3lEwMN3NoB0CvoJnHTljjXDzce0KJ3nZloa0P0gA==",
      "requires": {
        "@material/base": "^14.0.0",
        "@material/density": "^14.0.0",
        "@material/dom": "^14.0.0",
        "@material/elevation": "^14.0.0",
        "@material/feature-targeting": "^14.0.0",
        "@material/focus-ring": "^14.0.0",
        "@material/ripple": "^14.0.0",
        "@material/rtl": "^14.0.0",
        "@material/theme": "^14.0.0",
        "@material/touch-target": "^14.0.0",
        "tslib": "^2.1.0"
      }
    },
    "@material/ripple": {
      "version": "14.0.0",
      "resolved": "https://registry.npmjs.org/@material/ripple/-/ripple-14.0.0.tgz",
      "integrity": "sha512-9XoGBFd5JhFgELgW7pqtiLy+CnCIcV2s9cQ2BWbOQeA8faX9UZIDUx/g76nHLZ7UzKFtsULJxZTwORmsEt2zvw==",
      "requires": {
        "@material/animation": "^14.0.0",
        "@material/base": "^14.0.0",
        "@material/dom": "^14.0.0",
        "@material/feature-targeting": "^14.0.0",
        "@material/rtl": "^14.0.0",
        "@material/theme": "^14.0.0",
        "tslib": "^2.1.0"
      }
    },
    "@material/rtl": {
      "version": "14.0.0",
      "resolved": "https://registry.npmjs.org/@material/rtl/-/rtl-14.0.0.tgz",
      "integrity": "sha512-xl6OZYyRjuiW2hmbjV2omMV8sQtfmKAjeWnD1RMiAPLCTyOW9Lh/PYYnXjxUrNa0cRwIIbOn5J7OYXokja8puA==",
      "requires": {
        "@material/theme": "^14.0.0",
        "tslib": "^2.1.0"
      }
    },
    "@material/shape": {
      "version": "14.0.0",
      "resolved": "https://registry.npmjs.org/@material/shape/-/shape-14.0.0.tgz",
      "integrity": "sha512-o0mJB0+feOv473KckI8gFnUo8IQAaEA6ynXzw3VIYFjPi48pJwrxa0mZcJP/OoTXrCbDzDeFJfDPXEmRioBb9A==",
      "requires": {
        "@material/feature-targeting": "^14.0.0",
        "@material/rtl": "^14.0.0",
        "@material/theme": "^14.0.0",
        "tslib": "^2.1.0"
      }
    },
    "@material/snackbar": {
      "version": "14.0.0",
      "resolved": "https://registry.npmjs.org/@material/snackbar/-/snackbar-14.0.0.tgz",
      "integrity": "sha512-28uQBj9bw7BalNarK9j8/aVW4Ys5aRaGHoWH+CeYvAjqQUJkrYoqM52aiKhBwqrjBPMJHk1aXthe3YbzMBm6vA==",
      "requires": {
        "@material/animation": "^14.0.0",
        "@material/base": "^14.0.0",
        "@material/button": "^14.0.0",
        "@material/dom": "^14.0.0",
        "@material/elevation": "^14.0.0",
        "@material/feature-targeting": "^14.0.0",
        "@material/icon-button": "^14.0.0",
        "@material/ripple": "^14.0.0",
        "@material/rtl": "^14.0.0",
        "@material/shape": "^14.0.0",
        "@material/theme": "^14.0.0",
        "@material/typography": "^14.0.0",
        "tslib": "^2.1.0"
      }
    },
    "@material/theme": {
      "version": "14.0.0",
      "resolved": "https://registry.npmjs.org/@material/theme/-/theme-14.0.0.tgz",
      "integrity": "sha512-6/SENWNIFuXzeHMPHrYwbsXKgkvCtWuzzQ3cUu4UEt3KcQ5YpViazIM6h8ByYKZP8A9d8QpkJ0WGX5btGDcVoA==",
      "requires": {
        "@material/feature-targeting": "^14.0.0",
        "tslib": "^2.1.0"
      }
    },
    "@material/tokens": {
      "version": "14.0.0",
      "resolved": "https://registry.npmjs.org/@material/tokens/-/tokens-14.0.0.tgz",
      "integrity": "sha512-SXgB9VwsKW4DFkHmJfDIS0x0cGdMWC1D06m6z/WQQ5P5j6/m0pKrbHVlrLzXcRjau+mFhXGvj/KyPo9Pp/Rc8Q==",
      "requires": {
        "@material/elevation": "^14.0.0"
      }
    },
    "@material/touch-target": {
      "version": "14.0.0",
      "resolved": "https://registry.npmjs.org/@material/touch-target/-/touch-target-14.0.0.tgz",
      "integrity": "sha512-o3kvxmS4HkmZoQTvtzLJrqSG+ezYXkyINm3Uiwio1PTg67pDgK5FRwInkz0VNaWPcw9+5jqjUQGjuZMtjQMq8w==",
      "requires": {
        "@material/base": "^14.0.0",
        "@material/feature-targeting": "^14.0.0",
        "@material/rtl": "^14.0.0",
        "tslib": "^2.1.0"
      }
    },
    "@material/typography": {
      "version": "14.0.0",
      "resolved": "https://registry.npmjs.org/@material/typography/-/typography-14.0.0.tgz",
      "integrity": "sha512-/QtHBYiTR+TPMryM/CT386B2WlAQf/Ae32V324Z7P40gHLKY/YBXx7FDutAWZFeOerq/two4Nd2aAHBcMM2wMw==",
      "requires": {
        "@material/feature-targeting": "^14.0.0",
        "@material/theme": "^14.0.0",
        "tslib": "^2.1.0"
      }
    },
    "@rmwc/base": {
      "version": "file:../base",
      "requires": {
        "@material/dom": "^14.0.0",
        "@rmwc/types": "^8.0.1",
        "@types/classnames": "^2.3.1",
        "classnames": "^2.3.1",
        "hyperform": "^0.11.0",
        "mutation-observer": "^1.0.3",
        "tslib": "^2.4.0"
      },
      "dependencies": {
        "@rmwc/types": {
          "version": "file:../types"
        }
      }
    },
    "@rmwc/button": {
      "version": "file:../button",
      "requires": {
        "@material/button": "^14.0.0",
        "@rmwc/base": "^8.0.1",
        "@rmwc/icon": "^8.0.1",
        "@rmwc/provider": "^8.0.1",
        "@rmwc/ripple": "^8.0.1",
        "@rmwc/touch-target": "^8.0.1",
        "@rmwc/types": "^8.0.1"
      },
      "dependencies": {
        "@rmwc/base": {
          "version": "file:../base",
          "requires": {
            "@material/dom": "^14.0.0",
            "@rmwc/types": "^8.0.1",
            "@types/classnames": "^2.3.1",
            "classnames": "^2.3.1",
            "hyperform": "^0.11.0",
            "mutation-observer": "^1.0.3",
            "tslib": "^2.4.0"
          },
          "dependencies": {
            "@rmwc/types": {
              "version": "file:../types"
            }
          }
        },
        "@rmwc/icon": {
          "version": "file:../icon",
          "requires": {
            "@rmwc/base": "^8.0.1",
            "@rmwc/provider": "^8.0.1",
            "@rmwc/types": "^8.0.1"
          },
          "dependencies": {
            "@rmwc/base": {
              "version": "file:../base",
              "requires": {
                "@material/dom": "^14.0.0",
                "@rmwc/types": "^8.0.1",
                "@types/classnames": "^2.3.1",
                "classnames": "^2.3.1",
                "hyperform": "^0.11.0",
                "mutation-observer": "^1.0.3",
                "tslib": "^2.4.0"
              },
              "dependencies": {
                "@rmwc/types": {
                  "version": "file:../types"
                }
              }
            },
            "@rmwc/provider": {
              "version": "file:../provider",
              "requires": {
                "@rmwc/base": "^8.0.1",
                "@rmwc/types": "^8.0.1"
              },
              "dependencies": {
                "@rmwc/base": {
                  "version": "file:../base",
                  "requires": {
                    "@material/dom": "^14.0.0",
                    "@rmwc/types": "^8.0.1",
                    "@types/classnames": "^2.3.1",
                    "classnames": "^2.3.1",
                    "hyperform": "^0.11.0",
                    "mutation-observer": "^1.0.3",
                    "tslib": "^2.4.0"
                  },
                  "dependencies": {
                    "@rmwc/types": {
                      "version": "file:../types"
                    }
                  }
                },
                "@rmwc/types": {
                  "version": "file:../types"
                }
              }
            },
            "@rmwc/types": {
              "version": "file:../types"
            }
          }
        },
        "@rmwc/provider": {
          "version": "file:../provider",
          "requires": {
            "@rmwc/base": "^8.0.1",
            "@rmwc/types": "^8.0.1"
          },
          "dependencies": {
            "@rmwc/base": {
              "version": "file:../base",
              "requires": {
                "@material/dom": "^14.0.0",
                "@rmwc/types": "^8.0.1",
                "@types/classnames": "^2.3.1",
                "classnames": "^2.3.1",
                "hyperform": "^0.11.0",
                "mutation-observer": "^1.0.3",
                "tslib": "^2.4.0"
              },
              "dependencies": {
                "@rmwc/types": {
                  "version": "file:../types"
                }
              }
            },
            "@rmwc/types": {
              "version": "file:../types"
            }
          }
        },
        "@rmwc/ripple": {
          "version": "file:../ripple",
          "requires": {
            "@material/ripple": "^8.0.0",
            "@rmwc/base": "^8.0.1",
            "@rmwc/provider": "^8.0.1",
            "@rmwc/types": "^8.0.1"
          },
          "dependencies": {
            "@rmwc/base": {
              "version": "file:../base",
              "requires": {
                "@material/dom": "^14.0.0",
                "@rmwc/types": "^8.0.1",
                "@types/classnames": "^2.3.1",
                "classnames": "^2.3.1",
                "hyperform": "^0.11.0",
                "mutation-observer": "^1.0.3",
                "tslib": "^2.4.0"
              },
              "dependencies": {
                "@rmwc/types": {
                  "version": "file:../types"
                }
              }
            },
            "@rmwc/provider": {
              "version": "file:../provider",
              "requires": {
                "@rmwc/base": "^8.0.1",
                "@rmwc/types": "^8.0.1"
              },
              "dependencies": {
                "@rmwc/base": {
                  "version": "file:../base",
                  "requires": {
                    "@material/dom": "^14.0.0",
                    "@rmwc/types": "^8.0.1",
                    "@types/classnames": "^2.3.1",
                    "classnames": "^2.3.1",
                    "hyperform": "^0.11.0",
                    "mutation-observer": "^1.0.3",
                    "tslib": "^2.4.0"
                  },
                  "dependencies": {
                    "@rmwc/types": {
                      "version": "file:../types"
                    }
                  }
                },
                "@rmwc/types": {
                  "version": "file:../types"
                }
              }
            },
            "@rmwc/types": {
              "version": "file:../types"
            }
          }
        },
        "@rmwc/touch-target": {
          "version": "file:../touch-target",
          "requires": {
            "@material/touch-target": "^14.0.0",
            "@rmwc/base": "^8.0.1"
          },
          "dependencies": {
            "@rmwc/base": {
              "version": "file:../base",
              "requires": {
                "@material/dom": "^14.0.0",
                "@rmwc/types": "^8.0.1",
                "@types/classnames": "^2.3.1",
                "classnames": "^2.3.1",
                "hyperform": "^0.11.0",
                "mutation-observer": "^1.0.3",
                "tslib": "^2.4.0"
              },
              "dependencies": {
                "@rmwc/types": {
                  "version": "file:../types"
                }
              }
            }
          }
        },
        "@rmwc/types": {
          "version": "file:../types"
        }
      }
    },
    "@rmwc/icon": {
      "version": "file:../icon",
      "requires": {
        "@rmwc/base": "^8.0.1",
        "@rmwc/provider": "^8.0.1",
        "@rmwc/types": "^8.0.1"
      },
      "dependencies": {
        "@rmwc/base": {
          "version": "file:../base",
          "requires": {
            "@material/dom": "^14.0.0",
            "@rmwc/types": "^8.0.1",
            "@types/classnames": "^2.3.1",
            "classnames": "^2.3.1",
            "hyperform": "^0.11.0",
            "mutation-observer": "^1.0.3",
            "tslib": "^2.4.0"
          },
          "dependencies": {
            "@rmwc/types": {
              "version": "file:../types"
            }
          }
        },
        "@rmwc/provider": {
          "version": "file:../provider",
          "requires": {
            "@rmwc/base": "^8.0.1",
            "@rmwc/types": "^8.0.1"
          },
          "dependencies": {
            "@rmwc/base": {
              "version": "file:../base",
              "requires": {
                "@material/dom": "^14.0.0",
                "@rmwc/types": "^8.0.1",
                "@types/classnames": "^2.3.1",
                "classnames": "^2.3.1",
                "hyperform": "^0.11.0",
                "mutation-observer": "^1.0.3",
                "tslib": "^2.4.0"
              },
              "dependencies": {
                "@rmwc/types": {
                  "version": "file:../types"
                }
              }
            },
            "@rmwc/types": {
              "version": "file:../types"
            }
          }
        },
        "@rmwc/types": {
          "version": "file:../types"
        }
      }
    },
    "@rmwc/icon-button": {
      "version": "file:../icon-button",
      "requires": {
        "@material/icon-button": "^8.0.0",
        "@rmwc/base": "^8.0.1",
        "@rmwc/icon": "^8.0.1",
        "@rmwc/ripple": "^8.0.1",
        "@rmwc/types": "^8.0.1"
      },
      "dependencies": {
        "@rmwc/base": {
          "version": "file:../base",
          "requires": {
            "@material/dom": "^14.0.0",
            "@rmwc/types": "^8.0.1",
            "@types/classnames": "^2.3.1",
            "classnames": "^2.3.1",
            "hyperform": "^0.11.0",
            "mutation-observer": "^1.0.3",
            "tslib": "^2.4.0"
          },
          "dependencies": {
            "@rmwc/types": {
              "version": "file:../types"
            }
          }
        },
        "@rmwc/icon": {
          "version": "file:../icon",
          "requires": {
            "@rmwc/base": "^8.0.1",
            "@rmwc/provider": "^8.0.1",
            "@rmwc/types": "^8.0.1"
          },
          "dependencies": {
            "@rmwc/base": {
              "version": "file:../base",
              "requires": {
                "@material/dom": "^14.0.0",
                "@rmwc/types": "^8.0.1",
                "@types/classnames": "^2.3.1",
                "classnames": "^2.3.1",
                "hyperform": "^0.11.0",
                "mutation-observer": "^1.0.3",
                "tslib": "^2.4.0"
              },
              "dependencies": {
                "@rmwc/types": {
                  "version": "file:../types"
                }
              }
            },
            "@rmwc/provider": {
              "version": "file:../provider",
              "requires": {
                "@rmwc/base": "^8.0.1",
                "@rmwc/types": "^8.0.1"
              },
              "dependencies": {
                "@rmwc/base": {
                  "version": "file:../base",
                  "requires": {
                    "@material/dom": "^14.0.0",
                    "@rmwc/types": "^8.0.1",
                    "@types/classnames": "^2.3.1",
                    "classnames": "^2.3.1",
                    "hyperform": "^0.11.0",
                    "mutation-observer": "^1.0.3",
                    "tslib": "^2.4.0"
                  },
                  "dependencies": {
                    "@rmwc/types": {
                      "version": "file:../types"
                    }
                  }
                },
                "@rmwc/types": {
                  "version": "file:../types"
                }
              }
            },
            "@rmwc/types": {
              "version": "file:../types"
            }
          }
        },
        "@rmwc/ripple": {
          "version": "file:../ripple",
          "requires": {
            "@material/ripple": "^8.0.0",
            "@rmwc/base": "^8.0.1",
            "@rmwc/provider": "^8.0.1",
            "@rmwc/types": "^8.0.1"
          },
          "dependencies": {
            "@rmwc/base": {
              "version": "file:../base",
              "requires": {
                "@material/dom": "^14.0.0",
                "@rmwc/types": "^8.0.1",
                "@types/classnames": "^2.3.1",
                "classnames": "^2.3.1",
                "hyperform": "^0.11.0",
                "mutation-observer": "^1.0.3",
                "tslib": "^2.4.0"
              },
              "dependencies": {
                "@rmwc/types": {
                  "version": "file:../types"
                }
              }
            },
            "@rmwc/provider": {
              "version": "file:../provider",
              "requires": {
                "@rmwc/base": "^8.0.1",
                "@rmwc/types": "^8.0.1"
              },
              "dependencies": {
                "@rmwc/base": {
                  "version": "file:../base",
                  "requires": {
                    "@material/dom": "^14.0.0",
                    "@rmwc/types": "^8.0.1",
                    "@types/classnames": "^2.3.1",
                    "classnames": "^2.3.1",
                    "hyperform": "^0.11.0",
                    "mutation-observer": "^1.0.3",
                    "tslib": "^2.4.0"
                  },
                  "dependencies": {
                    "@rmwc/types": {
                      "version": "file:../types"
                    }
                  }
                },
                "@rmwc/types": {
                  "version": "file:../types"
                }
              }
            },
            "@rmwc/types": {
              "version": "file:../types"
            }
          }
        },
        "@rmwc/types": {
          "version": "file:../types"
        }
      }
    },
    "@rmwc/types": {
      "version": "file:../types"
    },
    "js-tokens": {
      "version": "4.0.0",
      "resolved": "https://registry.npmjs.org/js-tokens/-/js-tokens-4.0.0.tgz",
      "integrity": "sha512-RdJUflcE3cUzKiMqQgsCu06FPu9UdIJO0beYbPhHN4k6apgJtifcoCtT9bcxOpYBtpD2kCM6Sbzg4CausW/PKQ==",
      "peer": true
    },
    "loose-envify": {
      "version": "1.4.0",
      "resolved": "https://registry.npmjs.org/loose-envify/-/loose-envify-1.4.0.tgz",
      "integrity": "sha512-lyuxPGr/Wfhrlem2CL/UcnUc1zcqKAImBDzukY7Y5F/yQiNdko6+fRLevlw1HgMySw7f611UIY408EtxRSoK3Q==",
      "peer": true,
      "requires": {
        "js-tokens": "^3.0.0 || ^4.0.0"
      }
    },
    "react": {
      "version": "18.2.0",
      "resolved": "https://registry.npmjs.org/react/-/react-18.2.0.tgz",
      "integrity": "sha512-/3IjMdb2L9QbBdWiW5e3P2/npwMBaU9mHCSCUzNln0ZCYbcfTsGbTJrU/kGemdH2IWmB2ioZ+zkxtmq6g09fGQ==",
      "peer": true,
      "requires": {
        "loose-envify": "^1.1.0"
      }
    },
    "react-dom": {
      "version": "18.2.0",
      "resolved": "https://registry.npmjs.org/react-dom/-/react-dom-18.2.0.tgz",
      "integrity": "sha512-6IMTriUmvsjHUjNtEDudZfuDQUoWXVxKHhlEGSk81n4YFS+r/Kl99wXiwlVXtPBtJenozv2P+hxDsw9eA7Xo6g==",
      "peer": true,
      "requires": {
        "loose-envify": "^1.1.0",
        "scheduler": "^0.23.0"
      }
    },
    "scheduler": {
      "version": "0.23.0",
      "resolved": "https://registry.npmjs.org/scheduler/-/scheduler-0.23.0.tgz",
      "integrity": "sha512-CtuThmgHNg7zIZWAXi3AsyIzA3n4xx7aNyjwC2VJldO2LMVDhFK+63xGqq6CsJH4rTAt6/M+N4GhZiDYPx9eUw==",
      "peer": true,
      "requires": {
        "loose-envify": "^1.1.0"
      }
    },
    "tslib": {
      "version": "2.4.0",
      "resolved": "https://registry.npmjs.org/tslib/-/tslib-2.4.0.tgz",
      "integrity": "sha512-d6xOpEDfsi2CZVlPQzGeux8XMwLT9hssAsaPYExaQMuYskwb+x1x7J371tWlbBdWHroy99KnVB6qIkUbs5X3UQ=="
    }
  }
}
