{
	"name": "@rmwc/ripple",
	"version": "6.0.0-alpha.1",
	"lockfileVersion": 1,
	"requires": true,
	"dependencies": {
		"@material/animation": {
			"version": "1.0.0",
			"resolved": "https://registry.npmjs.org/@material/animation/-/animation-1.0.0.tgz",
			"integrity": "sha512-Ed5/vggn6ZhSJ87yn3ZS1d826VJNFz73jHF2bSsgRtHDoB8KCuOwQMfdgAgDa4lKDF6CDIPCKBZPKrs2ubehdw==",
			"requires": {
				"tslib": "^1.9.3"
			}
		},
		"@material/base": {
			"version": "1.0.0",
			"resolved": "https://registry.npmjs.org/@material/base/-/base-1.0.0.tgz",
			"integrity": "sha512-5dxFp46x5FA+Epg6YHLzN+5zRt9S2wR84UdvVAEJ1egea94m9UHUg7y9tAnNSN16aexRSywmzyLwPr+i8PGEYA==",
			"requires": {
				"tslib": "^1.9.3"
			}
		},
		"@material/dom": {
			"version": "1.0.0",
			"resolved": "https://registry.npmjs.org/@material/dom/-/dom-1.0.0.tgz",
			"integrity": "sha512-P2WDLk/9iZxg4RCvwqCtrObm0Qm0EF5G6X/rw21FKTg6uhwmPR75tCj2Zr1yyvVS9rjLxXZf0bQRsgvKxVE6Zw==",
			"requires": {
				"tslib": "^1.9.3"
			}
		},
		"@material/feature-targeting": {
			"version": "0.44.1",
			"resolved": "https://registry.npmjs.org/@material/feature-targeting/-/feature-targeting-0.44.1.tgz",
			"integrity": "sha512-90cc7njn4aHbH9UxY8qgZth1W5JgOgcEdWdubH1t7sFkwqFxS5g3zgxSBt46TygFBVIXNZNq35Xmg80wgqO7Pg=="
		},
		"@material/ripple": {
			"version": "1.0.0",
			"resolved": "https://registry.npmjs.org/@material/ripple/-/ripple-1.0.0.tgz",
			"integrity": "sha512-WUjc6LU2D9mRjfHJPQgj8ljG0NuppwOAM6bIt5wyJ3aiUyYQqW05cvB7YCbYE7WHgfxFtL6UOrGuUG4Z+izJDw==",
			"requires": {
				"@material/animation": "^1.0.0",
				"@material/base": "^1.0.0",
				"@material/dom": "^1.0.0",
				"@material/feature-targeting": "^0.44.1",
				"@material/theme": "^1.0.0",
				"tslib": "^1.9.3"
			}
		},
		"@material/theme": {
			"version": "1.0.0",
			"resolved": "https://registry.npmjs.org/@material/theme/-/theme-1.0.0.tgz",
			"integrity": "sha512-Bg/BQLU5MmCwtQ3DHcSs9DodZB8PTvuItv1wXrP54S/wBVwryIB5uMDmERhnItbNnAFbkKhlAuhn1asMmMzfkQ==",
			"requires": {
				"@material/feature-targeting": "^0.44.1"
			}
		},
		"tslib": {
			"version": "1.9.3",
			"resolved": "https://registry.npmjs.org/tslib/-/tslib-1.9.3.tgz",
			"integrity": "sha512-4krF8scpejhaOgqzBEcGM7yDIEfi0/8+8zDRZhNZZ2kjmHJ4hv3zCbQWxoJGz1iw5U0Jl0nma13xzHXcncMavQ=="
		}
	}
}
