{
  "name": "rmdc",
  "version": "0.0.0",
  "lockfileVersion": 1,
  "requires": true,
  "dependencies": {
    "@material/animation": {
      "version": "0.3.1",
      "resolved": "https://registry.npmjs.org/@material/animation/-/animation-0.3.1.tgz",
      "integrity": "sha1-Ip3mkn0FkNbWsgFX13jSZO8CIpo="
    },
    "@material/auto-init": {
      "version": "0.1.3",
      "resolved": "https://registry.npmjs.org/@material/auto-init/-/auto-init-0.1.3.tgz",
      "integrity": "sha1-Efkuu0AGcmgjhEg5GlQlBbGTIZA="
    },
    "@material/base": {
      "version": "0.2.3",
      "resolved": "https://registry.npmjs.org/@material/base/-/base-0.2.3.tgz",
      "integrity": "sha1-xOsmttblhAwlStSHWI3E9puXHz4="
    },
    "@material/button": {
      "version": "0.3.11",
      "resolved": "https://registry.npmjs.org/@material/button/-/button-0.3.11.tgz",
      "integrity": "sha1-F6tM1dVTiePaNJaxwWJtzk9qeDk=",
      "requires": {
        "@material/elevation": "0.1.11",
        "@material/ripple": "0.8.2",
        "@material/theme": "0.1.7",
        "@material/typography": "0.3.0"
      }
    },
    "@material/card": {
      "version": "0.2.6",
      "resolved": "https://registry.npmjs.org/@material/card/-/card-0.2.6.tgz",
      "integrity": "sha1-NxhN42KUkOuea1Ytx/eCPPh8+Pg=",
      "requires": {
        "@material/elevation": "0.1.11",
        "@material/rtl": "0.1.7",
        "@material/theme": "0.1.7",
        "@material/typography": "0.3.0"
      }
    },
    "@material/checkbox": {
      "version": "0.4.2",
      "resolved": "https://registry.npmjs.org/@material/checkbox/-/checkbox-0.4.2.tgz",
      "integrity": "sha1-UMND2vC6ImVWLdiDK09wilS02sQ=",
      "requires": {
        "@material/animation": "0.3.1",
        "@material/base": "0.2.3",
        "@material/ripple": "0.8.2",
        "@material/rtl": "0.1.7",
        "@material/theme": "0.1.7"
      }
    },
    "@material/dialog": {
      "version": "0.3.5",
      "resolved": "https://registry.npmjs.org/@material/dialog/-/dialog-0.3.5.tgz",
      "integrity": "sha1-P09yTD5+JEUJ/U/+p7OHj1JjKfE=",
      "requires": {
        "@material/animation": "0.3.1",
        "@material/base": "0.2.3",
        "@material/elevation": "0.1.11",
        "@material/ripple": "0.8.2",
        "@material/rtl": "0.1.7",
        "@material/theme": "0.1.7",
        "@material/typography": "0.1.1",
        "focus-trap": "2.3.0"
      },
      "dependencies": {
        "@material/typography": {
          "version": "0.1.1",
          "resolved": "https://registry.npmjs.org/@material/typography/-/typography-0.1.1.tgz",
          "integrity": "sha1-+y40N70yhNOen7kUhXZ63msr0ME="
        }
      }
    },
    "@material/drawer": {
      "version": "0.5.4",
      "resolved": "https://registry.npmjs.org/@material/drawer/-/drawer-0.5.4.tgz",
      "integrity": "sha1-BLanjp6j7lXxqY7H6xctxiNBsNc=",
      "requires": {
        "@material/animation": "0.3.1",
        "@material/base": "0.2.3",
        "@material/elevation": "0.1.11",
        "@material/rtl": "0.1.7",
        "@material/theme": "0.1.7",
        "@material/typography": "0.3.0"
      }
    },
    "@material/elevation": {
      "version": "0.1.11",
      "resolved": "https://registry.npmjs.org/@material/elevation/-/elevation-0.1.11.tgz",
      "integrity": "sha1-GVgVZIaX8vutIGZqTCMtybbxGJs=",
      "requires": {
        "@material/animation": "0.3.1"
      }
    },
    "@material/fab": {
      "version": "0.3.13",
      "resolved": "https://registry.npmjs.org/@material/fab/-/fab-0.3.13.tgz",
      "integrity": "sha1-tCbw4Vb6sr1QYwlb4n7BsM93Ebo=",
      "requires": {
        "@material/animation": "0.3.1",
        "@material/elevation": "0.1.11",
        "@material/ripple": "0.8.2",
        "@material/theme": "0.1.7"
      }
    },
    "@material/form-field": {
      "version": "0.2.11",
      "resolved": "https://registry.npmjs.org/@material/form-field/-/form-field-0.2.11.tgz",
      "integrity": "sha1-BEtlJtAZuDW86mrfiCOc19M1vGk=",
      "requires": {
        "@material/base": "0.2.3",
        "@material/rtl": "0.1.7",
        "@material/theme": "0.1.7",
        "@material/typography": "0.3.0"
      }
    },
    "@material/grid-list": {
      "version": "0.2.8",
      "resolved": "https://registry.npmjs.org/@material/grid-list/-/grid-list-0.2.8.tgz",
      "integrity": "sha1-kKkUZcSF4LpcfoXkbnsHbgGvk/U=",
      "requires": {
        "@material/base": "0.2.3",
        "@material/rtl": "0.1.7",
        "@material/theme": "0.1.7",
        "@material/typography": "0.3.0"
      }
    },
    "@material/icon-toggle": {
      "version": "0.1.16",
      "resolved": "https://registry.npmjs.org/@material/icon-toggle/-/icon-toggle-0.1.16.tgz",
      "integrity": "sha1-JiHue/VqrUDWUs+rA8WXP1UNLVc=",
      "requires": {
        "@material/animation": "0.3.1",
        "@material/base": "0.2.3",
        "@material/ripple": "0.8.2",
        "@material/theme": "0.1.7"
      }
    },
    "@material/layout-grid": {
      "version": "0.4.1",
      "resolved": "https://registry.npmjs.org/@material/layout-grid/-/layout-grid-0.4.1.tgz",
      "integrity": "sha1-MlFuZ1icKCbkUskTuRCLuvAdMBU="
    },
    "@material/linear-progress": {
      "version": "0.1.6",
      "resolved": "https://registry.npmjs.org/@material/linear-progress/-/linear-progress-0.1.6.tgz",
      "integrity": "sha1-GQfzta53Vu0qkGBUYLw1TatK4qM=",
      "requires": {
        "@material/animation": "0.3.1",
        "@material/base": "0.2.3",
        "@material/theme": "0.1.7"
      }
    },
    "@material/list": {
      "version": "0.2.14",
      "resolved": "https://registry.npmjs.org/@material/list/-/list-0.2.14.tgz",
      "integrity": "sha1-g4igewQigf9CX3l3lCu1Mm52JxE=",
      "requires": {
        "@material/ripple": "0.8.2",
        "@material/rtl": "0.1.7",
        "@material/theme": "0.1.7",
        "@material/typography": "0.3.0"
      }
    },
    "@material/menu": {
      "version": "0.4.3",
      "resolved": "https://registry.npmjs.org/@material/menu/-/menu-0.4.3.tgz",
      "integrity": "sha1-/rw7GX/9/xAIfnaY8zpxGz4Tw3I=",
      "requires": {
        "@material/animation": "0.3.1",
        "@material/base": "0.2.3",
        "@material/elevation": "0.1.11",
        "@material/theme": "0.1.7",
        "@material/typography": "0.3.0"
      }
    },
    "@material/radio": {
      "version": "0.2.9",
      "resolved": "https://registry.npmjs.org/@material/radio/-/radio-0.2.9.tgz",
      "integrity": "sha1-M2w+LZIU5CvYtThxXZUXzZVcOxc=",
      "requires": {
        "@material/animation": "0.3.1",
        "@material/base": "0.2.3",
        "@material/ripple": "0.8.2",
        "@material/theme": "0.1.7"
      }
    },
    "@material/ripple": {
      "version": "0.8.2",
      "resolved": "https://registry.npmjs.org/@material/ripple/-/ripple-0.8.2.tgz",
      "integrity": "sha1-8YRAeXARIbOQX6TEfIMDXcEO1go=",
      "requires": {
        "@material/base": "0.2.3",
        "@material/theme": "0.1.7"
      }
    },
    "@material/rtl": {
      "version": "0.1.7",
      "resolved": "https://registry.npmjs.org/@material/rtl/-/rtl-0.1.7.tgz",
      "integrity": "sha1-s4t3GvGDvPNNZD9gDxf8QzaYU1o="
    },
    "@material/select": {
      "version": "0.3.12",
      "resolved": "https://registry.npmjs.org/@material/select/-/select-0.3.12.tgz",
      "integrity": "sha1-SanA3yOyNGMjVlAMj1lIH69dWrQ=",
      "requires": {
        "@material/animation": "0.3.1",
        "@material/base": "0.2.3",
        "@material/list": "0.2.14",
        "@material/menu": "0.4.3",
        "@material/rtl": "0.1.7",
        "@material/theme": "0.1.7",
        "@material/typography": "0.3.0"
      }
    },
    "@material/slider": {
      "version": "0.2.2",
      "resolved": "https://registry.npmjs.org/@material/slider/-/slider-0.2.2.tgz",
      "integrity": "sha1-959yeVv0c84aLiHmeM0ZNERtyTc=",
      "requires": {
        "@material/animation": "0.3.1",
        "@material/base": "0.2.3",
        "@material/rtl": "0.1.7",
        "@material/theme": "0.1.7"
      }
    },
    "@material/snackbar": {
      "version": "0.3.2",
      "resolved": "https://registry.npmjs.org/@material/snackbar/-/snackbar-0.3.2.tgz",
      "integrity": "sha1-oNeudJbQr6T9TkSCf2zBrf8Fk5w=",
      "requires": {
        "@material/animation": "0.3.1",
        "@material/base": "0.2.3",
        "@material/button": "0.3.11",
        "@material/rtl": "0.1.7",
        "@material/theme": "0.1.7",
        "@material/typography": "0.3.0"
      }
    },
    "@material/switch": {
      "version": "0.1.11",
      "resolved": "https://registry.npmjs.org/@material/switch/-/switch-0.1.11.tgz",
      "integrity": "sha1-hHMWukv/bLQ7DN4foGo4vtiphzM=",
      "requires": {
        "@material/animation": "0.3.1",
        "@material/elevation": "0.1.11",
        "@material/theme": "0.1.7"
      }
    },
    "@material/tabs": {
      "version": "0.2.5",
      "resolved": "https://registry.npmjs.org/@material/tabs/-/tabs-0.2.5.tgz",
      "integrity": "sha1-KCIOIzxjyFCSSiZMAsqmlpNfuBY=",
      "requires": {
        "@material/animation": "0.3.1",
        "@material/base": "0.2.3",
        "@material/ripple": "0.8.2",
        "@material/rtl": "0.1.7",
        "@material/theme": "0.1.7",
        "@material/typography": "0.3.0"
      }
    },
    "@material/textfield": {
      "version": "0.3.3",
      "resolved": "https://registry.npmjs.org/@material/textfield/-/textfield-0.3.3.tgz",
      "integrity": "sha1-Eje5Ia4HCDCQ+zV7PNMnNfPonrM=",
      "requires": {
        "@material/animation": "0.3.1",
        "@material/base": "0.2.3",
        "@material/ripple": "0.8.2",
        "@material/rtl": "0.1.7",
        "@material/theme": "0.1.7",
        "@material/typography": "0.3.0"
      }
    },
    "@material/theme": {
      "version": "0.1.7",
      "resolved": "https://registry.npmjs.org/@material/theme/-/theme-0.1.7.tgz",
      "integrity": "sha1-2Up8UJn+rp3DGMY5gCMnx66C6HI="
    },
    "@material/toolbar": {
      "version": "0.4.4",
      "resolved": "https://registry.npmjs.org/@material/toolbar/-/toolbar-0.4.4.tgz",
      "integrity": "sha1-7IenfeabPLhkb+QUNtDXdxMFkK8=",
      "requires": {
        "@material/base": "0.2.3",
        "@material/elevation": "0.1.11",
        "@material/rtl": "0.1.7",
        "@material/theme": "0.1.7",
        "@material/typography": "0.3.0"
      }
    },
    "@material/typography": {
      "version": "0.3.0",
      "resolved": "https://registry.npmjs.org/@material/typography/-/typography-0.3.0.tgz",
      "integrity": "sha1-+CjC0yFb/WbFgHJwm0JgxkElOQo="
    },
    "asap": {
      "version": "2.0.6",
      "resolved": "https://registry.npmjs.org/asap/-/asap-2.0.6.tgz",
      "integrity": "sha1-5QNHYR1+aQlDIIu9r+vLwvuGbUY="
    },
    "classnames": {
      "version": "2.2.5",
      "resolved": "https://registry.npmjs.org/classnames/-/classnames-2.2.5.tgz",
      "integrity": "sha1-+zgB1FNGdknvNgPH1hoCvRKb3m0="
    },
    "core-js": {
      "version": "1.2.7",
      "resolved": "https://registry.npmjs.org/core-js/-/core-js-1.2.7.tgz",
      "integrity": "sha1-ZSKUwUZR2yj6k70tX/KYOk8IxjY="
    },
    "create-react-class": {
      "version": "15.6.0",
      "resolved": "https://registry.npmjs.org/create-react-class/-/create-react-class-15.6.0.tgz",
      "integrity": "sha1-q0SEl8JlZuHilBPogyB9V8/nvtQ=",
      "requires": {
        "fbjs": "0.8.14",
        "loose-envify": "1.3.1",
        "object-assign": "4.1.1"
      }
    },
    "encoding": {
      "version": "0.1.12",
      "resolved": "https://registry.npmjs.org/encoding/-/encoding-0.1.12.tgz",
      "integrity": "sha1-U4tm8+5izRq1HsMjgp0flIDHS+s=",
      "requires": {
        "iconv-lite": "0.4.18"
      }
    },
    "fbjs": {
      "version": "0.8.14",
      "resolved": "https://registry.npmjs.org/fbjs/-/fbjs-0.8.14.tgz",
      "integrity": "sha1-0dviviVMNakeCfMfnNUKQLKg7Rw=",
      "requires": {
        "core-js": "1.2.7",
        "isomorphic-fetch": "2.2.1",
        "loose-envify": "1.3.1",
        "object-assign": "4.1.1",
        "promise": "7.3.1",
        "setimmediate": "1.0.5",
        "ua-parser-js": "0.7.14"
      }
    },
    "focus-trap": {
      "version": "2.3.0",
      "resolved": "https://registry.npmjs.org/focus-trap/-/focus-trap-2.3.0.tgz",
      "integrity": "sha1-B8kZZIZ9NGMV9PX434i/lkVTFuI=",
      "requires": {
        "tabbable": "1.0.6"
      }
    },
    "iconv-lite": {
      "version": "0.4.18",
      "resolved": "https://registry.npmjs.org/iconv-lite/-/iconv-lite-0.4.18.tgz",
      "integrity": "sha512-sr1ZQph3UwHTR0XftSbK85OvBbxe/abLGzEnPENCQwmHf7sck8Oyu4ob3LgBxWWxRoM+QszeUyl7jbqapu2TqA=="
    },
    "is-stream": {
      "version": "1.1.0",
      "resolved": "https://registry.npmjs.org/is-stream/-/is-stream-1.1.0.tgz",
      "integrity": "sha1-EtSj3U5o4Lec6428hBc66A2RykQ="
    },
    "isomorphic-fetch": {
      "version": "2.2.1",
      "resolved": "https://registry.npmjs.org/isomorphic-fetch/-/isomorphic-fetch-2.2.1.tgz",
      "integrity": "sha1-YRrhrPFPXoH3KVB0coGf6XM1WKk=",
      "requires": {
        "node-fetch": "1.7.2",
        "whatwg-fetch": "2.0.3"
      }
    },
    "js-tokens": {
      "version": "3.0.2",
      "resolved": "https://registry.npmjs.org/js-tokens/-/js-tokens-3.0.2.tgz",
      "integrity": "sha1-mGbfOVECEw449/mWvOtlRDIJwls="
    },
    "loose-envify": {
      "version": "1.3.1",
      "resolved": "https://registry.npmjs.org/loose-envify/-/loose-envify-1.3.1.tgz",
      "integrity": "sha1-0aitM/qc4OcT1l/dCsi3SNR4yEg=",
      "requires": {
        "js-tokens": "3.0.2"
      }
    },
    "material-components-web": {
      "version": "0.17.0",
      "resolved": "https://registry.npmjs.org/material-components-web/-/material-components-web-0.17.0.tgz",
      "integrity": "sha1-6nAuNiddBt1MNjiFTORWMcoxhoM=",
      "requires": {
        "@material/animation": "0.3.1",
        "@material/auto-init": "0.1.3",
        "@material/base": "0.2.3",
        "@material/button": "0.3.11",
        "@material/card": "0.2.6",
        "@material/checkbox": "0.4.2",
        "@material/dialog": "0.3.5",
        "@material/drawer": "0.5.4",
        "@material/elevation": "0.1.11",
        "@material/fab": "0.3.13",
        "@material/form-field": "0.2.11",
        "@material/grid-list": "0.2.8",
        "@material/icon-toggle": "0.1.16",
        "@material/layout-grid": "0.4.1",
        "@material/linear-progress": "0.1.6",
        "@material/list": "0.2.14",
        "@material/menu": "0.4.3",
        "@material/radio": "0.2.9",
        "@material/ripple": "0.8.2",
        "@material/rtl": "0.1.7",
        "@material/select": "0.3.12",
        "@material/slider": "0.2.2",
        "@material/snackbar": "0.3.2",
        "@material/switch": "0.1.11",
        "@material/tabs": "0.2.5",
        "@material/textfield": "0.3.3",
        "@material/theme": "0.1.7",
        "@material/toolbar": "0.4.4",
        "@material/typography": "0.3.0"
      }
    },
    "node-fetch": {
      "version": "1.7.2",
      "resolved": "https://registry.npmjs.org/node-fetch/-/node-fetch-1.7.2.tgz",
      "integrity": "sha512-xZZUq2yDhKMIn/UgG5q//IZSNLJIwW2QxS14CNH5spuiXkITM2pUitjdq58yLSaU7m4M0wBNaM2Gh/ggY4YJig==",
      "requires": {
        "encoding": "0.1.12",
        "is-stream": "1.1.0"
      }
    },
    "object-assign": {
      "version": "4.1.1",
      "resolved": "https://registry.npmjs.org/object-assign/-/object-assign-4.1.1.tgz",
      "integrity": "sha1-IQmtx5ZYh8/AXLvUQsrIv7s2CGM="
    },
    "promise": {
      "version": "7.3.1",
      "resolved": "https://registry.npmjs.org/promise/-/promise-7.3.1.tgz",
      "integrity": "sha512-nolQXZ/4L+bP/UGlkfaIujX9BKxGwmQ9OT4mOt5yvy8iK1h3wqTEJCijzGANTCCl9nWjY41juyAn2K3Q1hLLTg==",
      "requires": {
        "asap": "2.0.6"
      }
    },
    "prop-types": {
      "version": "15.5.10",
      "resolved": "https://registry.npmjs.org/prop-types/-/prop-types-15.5.10.tgz",
      "integrity": "sha1-J5ffwxJhguOpXj37suiT3ddFYVQ=",
      "requires": {
        "fbjs": "0.8.14",
        "loose-envify": "1.3.1"
      }
    },
    "react": {
      "version": "15.6.1",
      "resolved": "https://registry.npmjs.org/react/-/react-15.6.1.tgz",
      "integrity": "sha1-uqhDTsZ4C96ZfNw4C3nNM7ljk98=",
      "requires": {
        "create-react-class": "15.6.0",
        "fbjs": "0.8.14",
        "loose-envify": "1.3.1",
        "object-assign": "4.1.1",
        "prop-types": "15.5.10"
      }
    },
    "react-dom": {
      "version": "15.6.1",
      "resolved": "https://registry.npmjs.org/react-dom/-/react-dom-15.6.1.tgz",
      "integrity": "sha1-LLDtQZEDjlPCCes6eaI+Kkz5lHA=",
      "requires": {
        "fbjs": "0.8.14",
        "loose-envify": "1.3.1",
        "object-assign": "4.1.1",
        "prop-types": "15.5.10"
      }
    },
    "setimmediate": {
      "version": "1.0.5",
      "resolved": "https://registry.npmjs.org/setimmediate/-/setimmediate-1.0.5.tgz",
      "integrity": "sha1-KQy7Iy4waULX1+qbg3Mqt4VvgoU="
    },
    "tabbable": {
      "version": "1.0.6",
      "resolved": "https://registry.npmjs.org/tabbable/-/tabbable-1.0.6.tgz",
      "integrity": "sha1-fCaofqb0ol7fXtthl0WgrnQHJPw="
    },
    "ua-parser-js": {
      "version": "0.7.14",
      "resolved": "https://registry.npmjs.org/ua-parser-js/-/ua-parser-js-0.7.14.tgz",
      "integrity": "sha1-EQ1T+kw/MmwSEpK76skE0uAzh8o="
    },
    "whatwg-fetch": {
      "version": "2.0.3",
      "resolved": "https://registry.npmjs.org/whatwg-fetch/-/whatwg-fetch-2.0.3.tgz",
      "integrity": "sha1-nITsLc9oGH/wC8ZOEnS0QhduHIQ="
    }
  }
}
