{
	"name": "@rmwc/grid-list",
	"version": "6.0.0-alpha.6",
	"lockfileVersion": 1,
	"requires": true,
	"dependencies": {
		"@material/base": {
			"version": "3.1.0",
			"resolved": "https://registry.npmjs.org/@material/base/-/base-3.1.0.tgz",
			"integrity": "sha512-pWEBHyPrMV3rdnjqWWH96h5t3MxQI6V1J9jOor+UBG7bXQtr6InTabTqhz5CLY7r+qZU8YvNh2OKIy8heP0cyQ==",
			"requires": {
				"tslib": "^1.9.3"
			}
		},
		"@material/feature-targeting": {
			"version": "3.1.0",
			"resolved": "https://registry.npmjs.org/@material/feature-targeting/-/feature-targeting-3.1.0.tgz",
			"integrity": "sha512-aXAa1Pv6w32URacE9LfMsl9zI6hFwx1K0Lp3Xpyf4rAkmaAB6z0gOkhicOrVFc0f64YheJgHjE7hJFieVenQdw=="
		},
		"@material/grid-list": {
			"version": "3.2.0",
			"resolved": "https://registry.npmjs.org/@material/grid-list/-/grid-list-3.2.0.tgz",
			"integrity": "sha512-0sHV3MWEAoQ5EbZDwXLW+QKByzG4Yq3WqLkgNBftsW2O4QsPwlDYLJABYkgVIcghGCcQNHAmba48O+RW2e8ijg==",
			"requires": {
				"@material/base": "^3.1.0",
				"@material/feature-targeting": "^3.1.0",
				"@material/rtl": "^3.2.0",
				"@material/theme": "^3.1.0",
				"@material/typography": "^3.1.0",
				"tslib": "^1.9.3"
			}
		},
		"@material/rtl": {
			"version": "3.2.0",
			"resolved": "https://registry.npmjs.org/@material/rtl/-/rtl-3.2.0.tgz",
			"integrity": "sha512-L/w9m9Yx1ceOw/VjEfeJoqD4rW9QP3IBb9MamXAg3qUi/zsztoXD/FUw179pxkLn4huFFNlVYZ4Y1y6BpM0PMA=="
		},
		"@material/theme": {
			"version": "3.1.0",
			"resolved": "https://registry.npmjs.org/@material/theme/-/theme-3.1.0.tgz",
			"integrity": "sha512-N4JX+akOwg1faAvFvIEhDcwW4cZfUpwEn8lct6Vs3WczjLF6/KdIoLVaYh+eVl1bzfsoIuWvx56j0B1PjXZw9g==",
			"requires": {
				"@material/feature-targeting": "^3.1.0"
			}
		},
		"@material/typography": {
			"version": "3.1.0",
			"resolved": "https://registry.npmjs.org/@material/typography/-/typography-3.1.0.tgz",
			"integrity": "sha512-aSNBQvVxIH1kORSYdLGuSTivx6oJ1MSOSTUAsUwhXPQLQlvbdFeZaqUp7xgn+EvRsHGRFhWk5YGuiBds9+7zQg==",
			"requires": {
				"@material/feature-targeting": "^3.1.0"
			}
		},
		"tslib": {
			"version": "1.10.0",
			"resolved": "https://registry.npmjs.org/tslib/-/tslib-1.10.0.tgz",
			"integrity": "sha512-qOebF53frne81cf0S9B41ByenJ3/IuH8yJKngAX35CmiZySA0khhkovshKK+jGCaMnVomla7gVlIcc3EvKPbTQ=="
		}
	}
}
