{
	"name": "@rmwc/checkbox",
	"version": "8.0.1",
	"lockfileVersion": 2,
	"requires": true,
	"packages": {
		"": {
			"name": "@rmwc/checkbox",
			"version": "8.0.1",
			"license": "MIT",
			"dependencies": {
				"@material/form-field": "^8.0.0"
			},
			"peerDependencies": {
				"react": ">=16.8.x",
				"react-dom": ">=16.8.x"
			}
		},
		"../base": {
			"name": "@rmwc/base",
			"version": "8.0.1",
			"extraneous": true,
			"license": "MIT",
			"dependencies": {
				"@material/dom": "^14.0.0",
				"@rmwc/types": "^8.0.1",
				"@types/classnames": "^2.3.1",
				"classnames": "^2.3.1",
				"hyperform": "^0.11.0",
				"mutation-observer": "^1.0.3",
				"tslib": "^2.4.0"
			},
			"peerDependencies": {
				"react": ">=16.8.x",
				"react-dom": ">=16.8.x"
			}
		},
		"../formfield": {
			"name": "@rmwc/formfield",
			"version": "8.0.1",
			"extraneous": true,
			"license": "MIT",
			"dependencies": {
				"@material/form-field": "^14.0.0",
				"@rmwc/base": "^8.0.1",
				"@rmwc/types": "^8.0.1"
			},
			"peerDependencies": {
				"react": ">=16.8.x",
				"react-dom": ">=16.8.x"
			}
		},
		"../provider": {
			"name": "@rmwc/provider",
			"version": "8.0.1",
			"extraneous": true,
			"license": "MIT",
			"dependencies": {
				"@rmwc/base": "^8.0.1",
				"@rmwc/types": "^8.0.1"
			},
			"peerDependencies": {
				"react": ">=16.8.x",
				"react-dom": ">=16.8.x"
			}
		},
		"../ripple": {
			"name": "@rmwc/ripple",
			"version": "8.0.1",
			"extraneous": true,
			"license": "MIT",
			"dependencies": {
				"@material/ripple": "^8.0.0",
				"@rmwc/base": "^8.0.1",
				"@rmwc/provider": "^8.0.1",
				"@rmwc/types": "^8.0.1"
			},
			"peerDependencies": {
				"react": ">=16.8.x",
				"react-dom": ">=16.8.x"
			}
		},
		"../toggleable": {
			"name": "@rmwc/toggleable",
			"version": "8.0.1",
			"extraneous": true,
			"license": "MIT",
			"dependencies": {
				"@rmwc/base": "^8.0.1",
				"@rmwc/formfield": "^8.0.1",
				"@rmwc/types": "^8.0.1"
			},
			"peerDependencies": {
				"react": ">=16.8.x",
				"react-dom": ">=16.8.x"
			}
		},
		"../types": {
			"name": "@rmwc/types",
			"version": "8.0.1",
			"extraneous": true,
			"license": "MIT"
		},
		"node_modules/@material/form-field": {
			"version": "8.0.0",
			"resolved": "https://registry.npmjs.org/@material/form-field/-/form-field-8.0.0.tgz",
			"integrity": "sha512-VHmQ4QQRP/omLlc5kHRtP4GASg5Q+b3E3rz8r8XoJ6GqJamSHazCVpjcvIkpKxzDZaVTggLNxhlBCfRQ3VxuEQ==",
			"dependencies": {
				"@material/base": "^8.0.0",
				"@material/feature-targeting": "^8.0.0",
				"@material/ripple": "^8.0.0",
				"@material/rtl": "^8.0.0",
				"@material/theme": "^8.0.0",
				"@material/typography": "^8.0.0",
				"tslib": "^1.9.3"
			}
		},
		"node_modules/@material/form-field/node_modules/@material/animation": {
			"version": "8.0.0",
			"resolved": "https://registry.npmjs.org/@material/animation/-/animation-8.0.0.tgz",
			"integrity": "sha512-4+rCFDcfJap62a/8luuq1fmMA+EdVMASD4CBd9cN4LNOc/OPzBkLqv0PHFTnmHu9Y9biHD94uyDsbEcvtyGr+Q==",
			"dependencies": {
				"tslib": "^1.9.3"
			}
		},
		"node_modules/@material/form-field/node_modules/@material/base": {
			"version": "8.0.0",
			"resolved": "https://registry.npmjs.org/@material/base/-/base-8.0.0.tgz",
			"integrity": "sha512-lLB3lv/A7TqqfqeVnoguv0NV+wpzM0KAVXj0jrtg2BtbxlOYjkfl4uySyOCLGxB0y4vTv1rSXB5i7Xn73+OQHg==",
			"dependencies": {
				"tslib": "^1.9.3"
			}
		},
		"node_modules/@material/form-field/node_modules/@material/dom": {
			"version": "8.0.0",
			"resolved": "https://registry.npmjs.org/@material/dom/-/dom-8.0.0.tgz",
			"integrity": "sha512-Y+sGqsyeFEu2whqdQ++LzXwmoRzhG3nEiPPwtX/Fgqrfdy7nyG1tvLXT+P+PLMDM6xO/H5+yjPV5OLFpKJjiIg==",
			"dependencies": {
				"@material/feature-targeting": "^8.0.0",
				"tslib": "^1.9.3"
			}
		},
		"node_modules/@material/form-field/node_modules/@material/feature-targeting": {
			"version": "8.0.0",
			"resolved": "https://registry.npmjs.org/@material/feature-targeting/-/feature-targeting-8.0.0.tgz",
			"integrity": "sha512-xMJ9RmnOQCLPB6bD0xS0p6NF36vKNkjoPQt8aOoimtBlhSOba68+5jeX/qEQYZgOG4jf0SnWq833gAxx61Ni6g=="
		},
		"node_modules/@material/form-field/node_modules/@material/ripple": {
			"version": "8.0.0",
			"resolved": "https://registry.npmjs.org/@material/ripple/-/ripple-8.0.0.tgz",
			"integrity": "sha512-r6Ejin8Qp9e91kHdhfStfXf5I18l5ZuraQIegBqj20OLe7SdrpMaGA3e1g923e/wfDCYEX1sBUVerwVUFJ+rTQ==",
			"dependencies": {
				"@material/animation": "^8.0.0",
				"@material/base": "^8.0.0",
				"@material/dom": "^8.0.0",
				"@material/feature-targeting": "^8.0.0",
				"@material/theme": "^8.0.0",
				"tslib": "^1.9.3"
			}
		},
		"node_modules/@material/form-field/node_modules/@material/rtl": {
			"version": "8.0.0",
			"resolved": "https://registry.npmjs.org/@material/rtl/-/rtl-8.0.0.tgz",
			"integrity": "sha512-P7+22B+2r+ol5pnLvq7VUaZPJGBZeX2PpVwELE7J3IruN6SnOZyt1h2LZI/sEMuyQhKrNs8Cpq2PLnbgeQhBJQ==",
			"dependencies": {
				"@material/theme": "^8.0.0"
			}
		},
		"node_modules/@material/form-field/node_modules/@material/theme": {
			"version": "8.0.0",
			"resolved": "https://registry.npmjs.org/@material/theme/-/theme-8.0.0.tgz",
			"integrity": "sha512-YcU4oi1pd9K8KfPfhZHD7GGnn034SoaVld5534eEnTMgpUn2y7KHZJlPCjrdh1tIy+PBvnYAkxBtx+mKWRCKFQ==",
			"dependencies": {
				"@material/feature-targeting": "^8.0.0"
			}
		},
		"node_modules/@material/form-field/node_modules/@material/typography": {
			"version": "8.0.0",
			"resolved": "https://registry.npmjs.org/@material/typography/-/typography-8.0.0.tgz",
			"integrity": "sha512-1CKckX1JStAh4JvOGwyc3vJ8ggGJXBZJTZJDJNmXSyJeL8SkLdppeTjr02zN09VNrVehS41ArhScPF0zl0rMzQ==",
			"dependencies": {
				"@material/feature-targeting": "^8.0.0",
				"@material/theme": "^8.0.0"
			}
		},
		"node_modules/@material/form-field/node_modules/tslib": {
			"version": "1.14.1",
			"resolved": "https://registry.npmjs.org/tslib/-/tslib-1.14.1.tgz",
			"integrity": "sha512-Xni35NKzjgMrwevysHTCArtLDpPvye8zV/0E4EyYn43P7/7qvQwPh9BGkHewbMulVntbigmcT7rdX3BNo9wRJg=="
		},
		"node_modules/react": {
			"version": "18.2.0",
			"resolved": "https://registry.npmjs.org/react/-/react-18.2.0.tgz",
			"integrity": "sha512-/3IjMdb2L9QbBdWiW5e3P2/npwMBaU9mHCSCUzNln0ZCYbcfTsGbTJrU/kGemdH2IWmB2ioZ+zkxtmq6g09fGQ==",
			"peer": true,
			"dependencies": {
				"loose-envify": "^1.1.0"
			},
			"engines": {
				"node": ">=0.10.0"
			}
		},
		"node_modules/react-dom": {
			"version": "18.2.0",
			"resolved": "https://registry.npmjs.org/react-dom/-/react-dom-18.2.0.tgz",
			"integrity": "sha512-6IMTriUmvsjHUjNtEDudZfuDQUoWXVxKHhlEGSk81n4YFS+r/Kl99wXiwlVXtPBtJenozv2P+hxDsw9eA7Xo6g==",
			"peer": true,
			"dependencies": {
				"loose-envify": "^1.1.0",
				"scheduler": "^0.23.0"
			},
			"peerDependencies": {
				"react": "^18.2.0"
			}
		},
		"node_modules/react-dom/node_modules/js-tokens": {
			"version": "4.0.0",
			"resolved": "https://registry.npmjs.org/js-tokens/-/js-tokens-4.0.0.tgz",
			"integrity": "sha512-RdJUflcE3cUzKiMqQgsCu06FPu9UdIJO0beYbPhHN4k6apgJtifcoCtT9bcxOpYBtpD2kCM6Sbzg4CausW/PKQ==",
			"peer": true
		},
		"node_modules/react-dom/node_modules/loose-envify": {
			"version": "1.4.0",
			"resolved": "https://registry.npmjs.org/loose-envify/-/loose-envify-1.4.0.tgz",
			"integrity": "sha512-lyuxPGr/Wfhrlem2CL/UcnUc1zcqKAImBDzukY7Y5F/yQiNdko6+fRLevlw1HgMySw7f611UIY408EtxRSoK3Q==",
			"peer": true,
			"dependencies": {
				"js-tokens": "^3.0.0 || ^4.0.0"
			},
			"bin": {
				"loose-envify": "cli.js"
			}
		},
		"node_modules/react-dom/node_modules/scheduler": {
			"version": "0.23.0",
			"resolved": "https://registry.npmjs.org/scheduler/-/scheduler-0.23.0.tgz",
			"integrity": "sha512-CtuThmgHNg7zIZWAXi3AsyIzA3n4xx7aNyjwC2VJldO2LMVDhFK+63xGqq6CsJH4rTAt6/M+N4GhZiDYPx9eUw==",
			"peer": true,
			"dependencies": {
				"loose-envify": "^1.1.0"
			}
		},
		"node_modules/react/node_modules/js-tokens": {
			"version": "4.0.0",
			"resolved": "https://registry.npmjs.org/js-tokens/-/js-tokens-4.0.0.tgz",
			"integrity": "sha512-RdJUflcE3cUzKiMqQgsCu06FPu9UdIJO0beYbPhHN4k6apgJtifcoCtT9bcxOpYBtpD2kCM6Sbzg4CausW/PKQ==",
			"peer": true
		},
		"node_modules/react/node_modules/loose-envify": {
			"version": "1.4.0",
			"resolved": "https://registry.npmjs.org/loose-envify/-/loose-envify-1.4.0.tgz",
			"integrity": "sha512-lyuxPGr/Wfhrlem2CL/UcnUc1zcqKAImBDzukY7Y5F/yQiNdko6+fRLevlw1HgMySw7f611UIY408EtxRSoK3Q==",
			"peer": true,
			"dependencies": {
				"js-tokens": "^3.0.0 || ^4.0.0"
			},
			"bin": {
				"loose-envify": "cli.js"
			}
		}
	},
	"dependencies": {
		"@material/form-field": {
			"version": "8.0.0",
			"resolved": "https://registry.npmjs.org/@material/form-field/-/form-field-8.0.0.tgz",
			"integrity": "sha512-VHmQ4QQRP/omLlc5kHRtP4GASg5Q+b3E3rz8r8XoJ6GqJamSHazCVpjcvIkpKxzDZaVTggLNxhlBCfRQ3VxuEQ==",
			"requires": {
				"@material/base": "^8.0.0",
				"@material/feature-targeting": "^8.0.0",
				"@material/ripple": "^8.0.0",
				"@material/rtl": "^8.0.0",
				"@material/theme": "^8.0.0",
				"@material/typography": "^8.0.0",
				"tslib": "^1.9.3"
			},
			"dependencies": {
				"@material/animation": {
					"version": "8.0.0",
					"resolved": "https://registry.npmjs.org/@material/animation/-/animation-8.0.0.tgz",
					"integrity": "sha512-4+rCFDcfJap62a/8luuq1fmMA+EdVMASD4CBd9cN4LNOc/OPzBkLqv0PHFTnmHu9Y9biHD94uyDsbEcvtyGr+Q==",
					"requires": {
						"tslib": "^1.9.3"
					}
				},
				"@material/base": {
					"version": "8.0.0",
					"resolved": "https://registry.npmjs.org/@material/base/-/base-8.0.0.tgz",
					"integrity": "sha512-lLB3lv/A7TqqfqeVnoguv0NV+wpzM0KAVXj0jrtg2BtbxlOYjkfl4uySyOCLGxB0y4vTv1rSXB5i7Xn73+OQHg==",
					"requires": {
						"tslib": "^1.9.3"
					}
				},
				"@material/dom": {
					"version": "8.0.0",
					"resolved": "https://registry.npmjs.org/@material/dom/-/dom-8.0.0.tgz",
					"integrity": "sha512-Y+sGqsyeFEu2whqdQ++LzXwmoRzhG3nEiPPwtX/Fgqrfdy7nyG1tvLXT+P+PLMDM6xO/H5+yjPV5OLFpKJjiIg==",
					"requires": {
						"@material/feature-targeting": "^8.0.0",
						"tslib": "^1.9.3"
					}
				},
				"@material/feature-targeting": {
					"version": "8.0.0",
					"resolved": "https://registry.npmjs.org/@material/feature-targeting/-/feature-targeting-8.0.0.tgz",
					"integrity": "sha512-xMJ9RmnOQCLPB6bD0xS0p6NF36vKNkjoPQt8aOoimtBlhSOba68+5jeX/qEQYZgOG4jf0SnWq833gAxx61Ni6g=="
				},
				"@material/ripple": {
					"version": "8.0.0",
					"resolved": "https://registry.npmjs.org/@material/ripple/-/ripple-8.0.0.tgz",
					"integrity": "sha512-r6Ejin8Qp9e91kHdhfStfXf5I18l5ZuraQIegBqj20OLe7SdrpMaGA3e1g923e/wfDCYEX1sBUVerwVUFJ+rTQ==",
					"requires": {
						"@material/animation": "^8.0.0",
						"@material/base": "^8.0.0",
						"@material/dom": "^8.0.0",
						"@material/feature-targeting": "^8.0.0",
						"@material/theme": "^8.0.0",
						"tslib": "^1.9.3"
					}
				},
				"@material/rtl": {
					"version": "8.0.0",
					"resolved": "https://registry.npmjs.org/@material/rtl/-/rtl-8.0.0.tgz",
					"integrity": "sha512-P7+22B+2r+ol5pnLvq7VUaZPJGBZeX2PpVwELE7J3IruN6SnOZyt1h2LZI/sEMuyQhKrNs8Cpq2PLnbgeQhBJQ==",
					"requires": {
						"@material/theme": "^8.0.0"
					}
				},
				"@material/theme": {
					"version": "8.0.0",
					"resolved": "https://registry.npmjs.org/@material/theme/-/theme-8.0.0.tgz",
					"integrity": "sha512-YcU4oi1pd9K8KfPfhZHD7GGnn034SoaVld5534eEnTMgpUn2y7KHZJlPCjrdh1tIy+PBvnYAkxBtx+mKWRCKFQ==",
					"requires": {
						"@material/feature-targeting": "^8.0.0"
					}
				},
				"@material/typography": {
					"version": "8.0.0",
					"resolved": "https://registry.npmjs.org/@material/typography/-/typography-8.0.0.tgz",
					"integrity": "sha512-1CKckX1JStAh4JvOGwyc3vJ8ggGJXBZJTZJDJNmXSyJeL8SkLdppeTjr02zN09VNrVehS41ArhScPF0zl0rMzQ==",
					"requires": {
						"@material/feature-targeting": "^8.0.0",
						"@material/theme": "^8.0.0"
					}
				},
				"tslib": {
					"version": "1.14.1",
					"resolved": "https://registry.npmjs.org/tslib/-/tslib-1.14.1.tgz",
					"integrity": "sha512-Xni35NKzjgMrwevysHTCArtLDpPvye8zV/0E4EyYn43P7/7qvQwPh9BGkHewbMulVntbigmcT7rdX3BNo9wRJg=="
				}
			}
		},
		"react": {
			"version": "18.2.0",
			"resolved": "https://registry.npmjs.org/react/-/react-18.2.0.tgz",
			"integrity": "sha512-/3IjMdb2L9QbBdWiW5e3P2/npwMBaU9mHCSCUzNln0ZCYbcfTsGbTJrU/kGemdH2IWmB2ioZ+zkxtmq6g09fGQ==",
			"peer": true,
			"requires": {
				"loose-envify": "^1.1.0"
			},
			"dependencies": {
				"js-tokens": {
					"version": "4.0.0",
					"resolved": "https://registry.npmjs.org/js-tokens/-/js-tokens-4.0.0.tgz",
					"integrity": "sha512-RdJUflcE3cUzKiMqQgsCu06FPu9UdIJO0beYbPhHN4k6apgJtifcoCtT9bcxOpYBtpD2kCM6Sbzg4CausW/PKQ==",
					"peer": true
				},
				"loose-envify": {
					"version": "1.4.0",
					"resolved": "https://registry.npmjs.org/loose-envify/-/loose-envify-1.4.0.tgz",
					"integrity": "sha512-lyuxPGr/Wfhrlem2CL/UcnUc1zcqKAImBDzukY7Y5F/yQiNdko6+fRLevlw1HgMySw7f611UIY408EtxRSoK3Q==",
					"peer": true,
					"requires": {
						"js-tokens": "^3.0.0 || ^4.0.0"
					}
				}
			}
		},
		"react-dom": {
			"version": "18.2.0",
			"resolved": "https://registry.npmjs.org/react-dom/-/react-dom-18.2.0.tgz",
			"integrity": "sha512-6IMTriUmvsjHUjNtEDudZfuDQUoWXVxKHhlEGSk81n4YFS+r/Kl99wXiwlVXtPBtJenozv2P+hxDsw9eA7Xo6g==",
			"peer": true,
			"requires": {
				"loose-envify": "^1.1.0",
				"scheduler": "^0.23.0"
			},
			"dependencies": {
				"js-tokens": {
					"version": "4.0.0",
					"resolved": "https://registry.npmjs.org/js-tokens/-/js-tokens-4.0.0.tgz",
					"integrity": "sha512-RdJUflcE3cUzKiMqQgsCu06FPu9UdIJO0beYbPhHN4k6apgJtifcoCtT9bcxOpYBtpD2kCM6Sbzg4CausW/PKQ==",
					"peer": true
				},
				"loose-envify": {
					"version": "1.4.0",
					"resolved": "https://registry.npmjs.org/loose-envify/-/loose-envify-1.4.0.tgz",
					"integrity": "sha512-lyuxPGr/Wfhrlem2CL/UcnUc1zcqKAImBDzukY7Y5F/yQiNdko6+fRLevlw1HgMySw7f611UIY408EtxRSoK3Q==",
					"peer": true,
					"requires": {
						"js-tokens": "^3.0.0 || ^4.0.0"
					}
				},
				"scheduler": {
					"version": "0.23.0",
					"resolved": "https://registry.npmjs.org/scheduler/-/scheduler-0.23.0.tgz",
					"integrity": "sha512-CtuThmgHNg7zIZWAXi3AsyIzA3n4xx7aNyjwC2VJldO2LMVDhFK+63xGqq6CsJH4rTAt6/M+N4GhZiDYPx9eUw==",
					"peer": true,
					"requires": {
						"loose-envify": "^1.1.0"
					}
				}
			}
		}
	}
}
