{
	"name": "@rmwc/notched-outline",
	"version": "6.0.0-alpha.1",
	"lockfileVersion": 1,
	"requires": true,
	"dependencies": {
		"@material/animation": {
			"version": "1.0.0",
			"resolved": "https://registry.npmjs.org/@material/animation/-/animation-1.0.0.tgz",
			"integrity": "sha512-Ed5/vggn6ZhSJ87yn3ZS1d826VJNFz73jHF2bSsgRtHDoB8KCuOwQMfdgAgDa4lKDF6CDIPCKBZPKrs2ubehdw==",
			"requires": {
				"tslib": "^1.9.3"
			}
		},
		"@material/base": {
			"version": "1.0.0",
			"resolved": "https://registry.npmjs.org/@material/base/-/base-1.0.0.tgz",
			"integrity": "sha512-5dxFp46x5FA+Epg6YHLzN+5zRt9S2wR84UdvVAEJ1egea94m9UHUg7y9tAnNSN16aexRSywmzyLwPr+i8PGEYA==",
			"requires": {
				"tslib": "^1.9.3"
			}
		},
		"@material/feature-targeting": {
			"version": "0.44.1",
			"resolved": "https://registry.npmjs.org/@material/feature-targeting/-/feature-targeting-0.44.1.tgz",
			"integrity": "sha512-90cc7njn4aHbH9UxY8qgZth1W5JgOgcEdWdubH1t7sFkwqFxS5g3zgxSBt46TygFBVIXNZNq35Xmg80wgqO7Pg=="
		},
		"@material/floating-label": {
			"version": "1.0.0",
			"resolved": "https://registry.npmjs.org/@material/floating-label/-/floating-label-1.0.0.tgz",
			"integrity": "sha512-yESFi8HEUO0PmPWvaU3VW4X8+xaoFHhj2xGxLPu2hGye4ZBjTpmjOX6y1vwYqZLD5KWXj91k695UAT6J2wtWFQ==",
			"requires": {
				"@material/animation": "^1.0.0",
				"@material/base": "^1.0.0",
				"@material/rtl": "^0.42.0",
				"@material/theme": "^1.0.0",
				"@material/typography": "^1.0.0",
				"tslib": "^1.9.3"
			}
		},
		"@material/notched-outline": {
			"version": "1.0.0",
			"resolved": "https://registry.npmjs.org/@material/notched-outline/-/notched-outline-1.0.0.tgz",
			"integrity": "sha512-P33NGEJMoWaXfjCleEoZnW9ZUA5c4V+jatMcsx/LidYUyXpl5f70V28ZOjwten4z+yBTezdIOx1cyjYrIn8CJw==",
			"requires": {
				"@material/animation": "^1.0.0",
				"@material/base": "^1.0.0",
				"@material/floating-label": "^1.0.0",
				"@material/rtl": "^0.42.0",
				"@material/shape": "^1.0.0",
				"@material/theme": "^1.0.0",
				"tslib": "^1.9.3"
			}
		},
		"@material/rtl": {
			"version": "0.42.0",
			"resolved": "https://registry.npmjs.org/@material/rtl/-/rtl-0.42.0.tgz",
			"integrity": "sha512-VrnrKJzhmspsN8WXHuxxBZ69yM5IwhCUqWr1t1eNfw3ZEvEj7i1g3P31HGowKThIN1dc1Wh4LE14rCISWCtv5w=="
		},
		"@material/shape": {
			"version": "1.0.0",
			"resolved": "https://registry.npmjs.org/@material/shape/-/shape-1.0.0.tgz",
			"integrity": "sha512-zfXEacPQZmH+ujVtaFyfAsYiF46j1QCcFzJeZVouG4pznrbA7XD6614Ywg0wbyWX5iB6hD52ld/IN+R/6oxKqA==",
			"requires": {
				"@material/feature-targeting": "^0.44.1"
			}
		},
		"@material/theme": {
			"version": "1.0.0",
			"resolved": "https://registry.npmjs.org/@material/theme/-/theme-1.0.0.tgz",
			"integrity": "sha512-Bg/BQLU5MmCwtQ3DHcSs9DodZB8PTvuItv1wXrP54S/wBVwryIB5uMDmERhnItbNnAFbkKhlAuhn1asMmMzfkQ==",
			"requires": {
				"@material/feature-targeting": "^0.44.1"
			}
		},
		"@material/typography": {
			"version": "1.0.0",
			"resolved": "https://registry.npmjs.org/@material/typography/-/typography-1.0.0.tgz",
			"integrity": "sha512-Oeqbjci1cC7jTE8/n3dwnkqKe9ZeWiaE+rgMtRYtRFw1HvAw14SpGA5EEAS/Li2Hu2KZ50FYCe3HYqShfxtChA==",
			"requires": {
				"@material/feature-targeting": "^0.44.1"
			}
		},
		"tslib": {
			"version": "1.9.3",
			"resolved": "https://registry.npmjs.org/tslib/-/tslib-1.9.3.tgz",
			"integrity": "sha512-4krF8scpejhaOgqzBEcGM7yDIEfi0/8+8zDRZhNZZ2kjmHJ4hv3zCbQWxoJGz1iw5U0Jl0nma13xzHXcncMavQ=="
		}
	}
}
