{
	"name": "@rmwc/line-ripple",
	"version": "6.0.0-alpha.3",
	"lockfileVersion": 1,
	"requires": true,
	"dependencies": {
		"@material/animation": {
			"version": "0.41.0",
			"resolved": "https://registry.npmjs.org/@material/animation/-/animation-0.41.0.tgz",
			"integrity": "sha512-yYAwJbX3Q2AFd4dr6IYOsWLQy2HN8zWOFVl9AbUXunjzTfJCa/ecfXCriaT6qkmoNoHeTdJHRrsQJZC5GsPvzA=="
		},
		"@material/base": {
			"version": "0.41.0",
			"resolved": "https://registry.npmjs.org/@material/base/-/base-0.41.0.tgz",
			"integrity": "sha512-tEyzwBRu3d1H120SfKsDVYZHcqT5lKohh/7cWKR93aAaPDkSvjpKJIjyu2yuSkjpDduVZGzVocYbOvhUKhhzXQ=="
		},
		"@material/line-ripple": {
			"version": "0.43.0",
			"resolved": "https://registry.npmjs.org/@material/line-ripple/-/line-ripple-0.43.0.tgz",
			"integrity": "sha512-sXZYW4Em5uLEnAuVsQCO+sVHsTg7J2TOTJ0+akwZFMmd2tmNicjarQdlGIE9iU7Wjm51NOoLAu6Mz+8kLg90bQ==",
			"requires": {
				"@material/animation": "^0.41.0",
				"@material/base": "^0.41.0",
				"@material/theme": "^0.43.0"
			}
		},
		"@material/theme": {
			"version": "0.43.0",
			"resolved": "https://registry.npmjs.org/@material/theme/-/theme-0.43.0.tgz",
			"integrity": "sha512-/zndZL6EihI18v2mYd4O8xvOBAAXmLeHyHVK28LozSAaJ9okQgD25wq5Ktk95oMTmPIC+rH66KcK6371ivNk8g=="
		}
	}
}
