{
	"name": "@rmwc/theme",
	"version": "6.0.0-alpha.0",
	"lockfileVersion": 1,
	"requires": true,
	"dependencies": {
		"@material/theme": {
			"version": "0.43.0",
			"resolved": "https://registry.npmjs.org/@material/theme/-/theme-0.43.0.tgz",
			"integrity": "sha512-/zndZL6EihI18v2mYd4O8xvOBAAXmLeHyHVK28LozSAaJ9okQgD25wq5Ktk95oMTmPIC+rH66KcK6371ivNk8g=="
		}
	}
}
