{
	"name": "@rmwc/image-list",
	"version": "6.0.0-alpha.3",
	"lockfileVersion": 1,
	"requires": true,
	"dependencies": {
		"@material/feature-targeting": {
			"version": "0.44.1",
			"resolved": "https://registry.npmjs.org/@material/feature-targeting/-/feature-targeting-0.44.1.tgz",
			"integrity": "sha512-90cc7njn4aHbH9UxY8qgZth1W5JgOgcEdWdubH1t7sFkwqFxS5g3zgxSBt46TygFBVIXNZNq35Xmg80wgqO7Pg=="
		},
		"@material/image-list": {
			"version": "1.0.0",
			"resolved": "https://registry.npmjs.org/@material/image-list/-/image-list-1.0.0.tgz",
			"integrity": "sha512-FpUKhQHsESC/dP1micOfz5KeY3cEbVjTJ+XTlJAIfZ+mr1UzP4JpreEM2BluvRMisjjdryjCdLyr8kVK1/gzHQ==",
			"requires": {
				"@material/shape": "^1.0.0",
				"@material/theme": "^1.0.0",
				"@material/typography": "^1.0.0"
			}
		},
		"@material/shape": {
			"version": "1.0.0",
			"resolved": "https://registry.npmjs.org/@material/shape/-/shape-1.0.0.tgz",
			"integrity": "sha512-zfXEacPQZmH+ujVtaFyfAsYiF46j1QCcFzJeZVouG4pznrbA7XD6614Ywg0wbyWX5iB6hD52ld/IN+R/6oxKqA==",
			"requires": {
				"@material/feature-targeting": "^0.44.1"
			}
		},
		"@material/theme": {
			"version": "1.0.0",
			"resolved": "https://registry.npmjs.org/@material/theme/-/theme-1.0.0.tgz",
			"integrity": "sha512-Bg/BQLU5MmCwtQ3DHcSs9DodZB8PTvuItv1wXrP54S/wBVwryIB5uMDmERhnItbNnAFbkKhlAuhn1asMmMzfkQ==",
			"requires": {
				"@material/feature-targeting": "^0.44.1"
			}
		},
		"@material/typography": {
			"version": "1.0.0",
			"resolved": "https://registry.npmjs.org/@material/typography/-/typography-1.0.0.tgz",
			"integrity": "sha512-Oeqbjci1cC7jTE8/n3dwnkqKe9ZeWiaE+rgMtRYtRFw1HvAw14SpGA5EEAS/Li2Hu2KZ50FYCe3HYqShfxtChA==",
			"requires": {
				"@material/feature-targeting": "^0.44.1"
			}
		}
	}
}
