{
  "name": "@rmwc/base",
  "version": "8.0.2",
  "lockfileVersion": 1,
  "requires": true,
  "dependencies": {
    "@material/dom": {
      "version": "5.1.0",
      "resolved": "https://registry.npmjs.org/@material/dom/-/dom-5.1.0.tgz",
      "integrity": "sha512-tBbl3hG34Auv+2sboWhtstXeZ9rx3G7hb/jEXs5xZ5KIfZHwY4mbo0KqR/fSJZKaUsvk2Nc/UEOVcUx2mTNmYg==",
      "requires": {
        "tslib": "^1.9.3"
      },
      "dependencies": {
        "tslib": {
          "version": "1.11.1",
          "resolved": "https://registry.npmjs.org/tslib/-/tslib-1.11.1.tgz",
          "integrity": "sha512-aZW88SY8kQbU7gpV19lN24LtXh/yD4ZZg6qieAJDDg+YBsJcSmLGK9QpnUjAKVG/xefmvJGd1WUmfpT/g6AJGA=="
        }
      }
    },
    "@rmwc/types": {
      "version": "6.0.5"
    },
    "hyperform": {
      "version": "0.11.0",
      "resolved": "https://registry.npmjs.org/hyperform/-/hyperform-0.11.0.tgz",
      "integrity": "sha512-HFry1hgItOzFmKXNgAh/yBrULtI/j8DqqnH8V28jVQDxHFjH1cPLl+JDxoVtPoJnO8Yti+MAGubio7wGU6qXGg=="
    }
  }
}
