{
	"name": "@rmwc/base",
	"version": "6.0.0-alpha.6",
	"lockfileVersion": 1,
	"requires": true,
	"dependencies": {
		"@types/classnames": {
			"version": "2.2.9",
			"resolved": "https://registry.npmjs.org/@types/classnames/-/classnames-2.2.9.tgz",
			"integrity": "sha512-MNl+rT5UmZeilaPxAVs6YaPC2m6aA8rofviZbhbxpPpl61uKodfdQVsBtgJGTqGizEf02oW3tsVe7FYB8kK14A==",
			"dev": true
		},
		"classnames": {
			"version": "2.2.6",
			"resolved": "https://registry.npmjs.org/classnames/-/classnames-2.2.6.tgz",
			"integrity": "sha512-JR/iSQOSt+LQIWwrwEzJ9uk0xfN3mTVYMwt1Ir5mUcSN6pU+V4zQFFaJsclJbPuAUQH+yfWef6tm7l1quW3C8Q=="
		},
		"focus-trap": {
			"version": "5.1.0",
			"resolved": "https://registry.npmjs.org/focus-trap/-/focus-trap-5.1.0.tgz",
			"integrity": "sha512-CkB/nrO55069QAUjWFBpX6oc+9V90Qhgpe6fBWApzruMq5gnlh90Oo7iSSDK7pKiV5ugG6OY2AXM5mxcmL3lwQ==",
			"requires": {
				"tabbable": "^4.0.0",
				"xtend": "^4.0.1"
			}
		},
		"hyperform": {
			"version": "0.9.22",
			"resolved": "https://registry.npmjs.org/hyperform/-/hyperform-0.9.22.tgz",
			"integrity": "sha512-zJ6Bif/qAnN633pfOcvkEbwvCXnKPjqNgR6VdcRsxXcr+zGV9AdH5m5C/g4Xui16mdotlqweCb8CtkD42x6omQ=="
		},
		"mutation-observer": {
			"version": "1.0.3",
			"resolved": "https://registry.npmjs.org/mutation-observer/-/mutation-observer-1.0.3.tgz",
			"integrity": "sha512-M/O/4rF2h776hV7qGMZUH3utZLO/jK7p8rnNgGkjKUw8zCGjRQPxB8z6+5l8+VjRUQ3dNYu4vjqXYLr+U8ZVNA=="
		},
		"tabbable": {
			"version": "4.0.0",
			"resolved": "https://registry.npmjs.org/tabbable/-/tabbable-4.0.0.tgz",
			"integrity": "sha512-H1XoH1URcBOa/rZZWxLxHCtOdVUEev+9vo5YdYhC9tCY4wnybX+VQrCYuy9ubkg69fCBxCONJOSLGfw0DWMffQ=="
		},
		"xtend": {
			"version": "4.0.2",
			"resolved": "https://registry.npmjs.org/xtend/-/xtend-4.0.2.tgz",
			"integrity": "sha512-LKYU1iAXJXUgAXn9URjiu+MWhyUXHsvfp7mcuYm9dSUKK0/CjtrUwFAxD82/mCWbtLsGjFIad0wIsod4zrTAEQ=="
		}
	}
}
